PODS:
  - Alamofire (3.1.5)
  - AWSAutoScaling (2.3.4):
    - AWSCore (= 2.3.4)
  - AWSCloudWatch (2.3.4):
    - AWSCore (= 2.3.4)
  - AWSCognito (2.3.4):
    - AWSCore (= 2.3.4)
  - AWSCore (2.3.4)
  - AWSDynamoDB (2.3.4):
    - AWSCore (= 2.3.4)
  - AWSEC2 (2.3.4):
    - AWSCore (= 2.3.4)
  - AWSElasticLoadBalancing (2.3.4):
    - AWSCore (= 2.3.4)
  - AWSKinesis (2.3.4):
    - AWSCore (= 2.3.4)
  - AWSLambda (2.3.4):
    - AWSCore (= 2.3.4)
  - AWSMachineLearning (2.3.4):
    - AWSCore (= 2.3.4)
  - AWSMobileAnalytics (2.3.4):
    - AWSCore (= 2.3.4)
  - AWSS3 (2.3.4):
    - AWSCore (= 2.3.4)
  - AWSSES (2.3.4):
    - AWSCore (= 2.3.4)
  - AWSSimpleDB (2.3.4):
    - AWSCore (= 2.3.4)
  - AWSSNS (2.3.4):
    - AWSCore (= 2.3.4)
  - AWSSQS (2.3.4):
    - AWSCore (= 2.3.4)
  - Bolts (1.6.0):
    - Bolts/AppLinks (= 1.6.0)
    - Bolts/Tasks (= 1.6.0)
  - Bolts/AppLinks (1.6.0):
    - Bolts/Tasks
  - Bolts/Tasks (1.6.0)
  - Fabric (1.6.4)
  - FBSDKCoreKit (4.9.1):
    - Bolts (~> 1.5)
  - FBSDKLoginKit (4.9.1):
    - FBSDKCoreKit
  - FBSDKShareKit (4.9.1):
    - FBSDKCoreKit
  - Firebase (2.5.0)
  - JWTDecode (1.0.0)
  - KeychainSwift (3.0.11)
  - SwiftyJSON (2.3.2)
  - TwitterCore (1.15.1):
    - Fabric
  - TwitterKit (1.15.1):
    - TwitterCore (= 1.15.1)

DEPENDENCIES:
  - Alamofire (~> 3.0)
  - AWSAutoScaling
  - AWSCloudWatch
  - AWSCognito
  - AWSCore
  - AWSDynamoDB
  - AWSEC2
  - AWSElasticLoadBalancing
  - AWSKinesis
  - AWSLambda
  - AWSMachineLearning
  - AWSMobileAnalytics
  - AWSS3
  - AWSSES
  - AWSSimpleDB
  - AWSSNS
  - AWSSQS
  - Fabric
  - FBSDKCoreKit
  - FBSDKLoginKit
  - FBSDKShareKit
  - Firebase (>= 2.4.2)
  - JWTDecode (~> 1.0)
  - KeychainSwift (~> 3.0)
  - SwiftyJSON (from `https://github.com/SwiftyJSON/SwiftyJSON.git`)
  - TwitterCore
  - TwitterKit

EXTERNAL SOURCES:
  SwiftyJSON:
    :git: https://github.com/SwiftyJSON/SwiftyJSON.git

CHECKOUT OPTIONS:
  SwiftyJSON:
    :commit: 42bdb102d2624b143c07850ebdc1537d5b6579b6
    :git: https://github.com/SwiftyJSON/SwiftyJSON.git

SPEC CHECKSUMS:
  Alamofire: 5f730ba29fd113b7ddd71c1e65d0c630acf5d7b0
  AWSAutoScaling: 58757e3fae42c8ba72ca742863c7bf7db879352d
  AWSCloudWatch: 3990aa0432b66662b10436676c3a514c4dc36ce7
  AWSCognito: 8ea24f9261967a108131106585c832ab48f12540
  AWSCore: 926eb781459b58d4319b0fa4f5f3bffb6b28b112
  AWSDynamoDB: 9a823a84100dd2fb440b3d2e738489641822e4e1
  AWSEC2: 8ec96ab79521215d281f65ad92a5484d50b9c870
  AWSElasticLoadBalancing: 407db0d5c2965302ad6d099e158d22ecdd1f9827
  AWSKinesis: d9bc7858c01a4ba7f201abf2d0129c0beaa921ea
  AWSLambda: 6932d78bb67eb9b659ac30bb0631bad75d774430
  AWSMachineLearning: 1ccb5fd051acae788bd861d31a7714c40f9a7f7f
  AWSMobileAnalytics: f4fc6b1e36f6c2fe70ebedff989835433e4ca142
  AWSS3: f49fde807d6cfc373f1bdb8150c9770d470ca2fd
  AWSSES: 3c976fc58abfc92bc301b0af2d8f1164bf8ecf62
  AWSSimpleDB: 4fe05ca1f857d7b7e9c03504f1140ff7c713ce5c
  AWSSNS: f00c29631df2c3a37653f9f1d3d0f736daf95133
  AWSSQS: 96d02b4c65dc518af539dff0e751e595d48ee904
  Bolts: f52a250053bb517ca874523c3913776359ab3def
  Fabric: ed41fd62173c6bdea24ab02c9d7707161eabb750
  FBSDKCoreKit: aee20b6d9855f15b618d4fddd1a5ad45f5a4a59d
  FBSDKLoginKit: ec22dc49bd372b064e93d6773df4ffefb3a552a2
  FBSDKShareKit: b8c8ef0ed173f9fc1b3c8df384a0202ce53008d4
  Firebase: 744617c0733b45198f9486ebd5cac64ec2d10d79
  JWTDecode: d172edcb1607cc15aed85d58eceedcbb675a4534
  KeychainSwift: 0a4214c910423543a42b0f30f25987d46178b6a5
  SwiftyJSON: 04ccea08915aa0109039157c7974cf0298da292a
  TwitterCore: 12983a7464e34afbbf18881347898a9db526ac71
  TwitterKit: b5821570887ec2d77650fa232eaec175665dc443

COCOAPODS: 0.39.0
