// !$*UTF8*$!
{
	archiveVersion = 1;
	classes = {
	};
	objectVersion = 46;
	objects = {

/* Begin PBXBuildFile section */
		58FEA2CEC2F6ECCB5095338B /* Pods_Baton.framework in Frameworks */ = {isa = PBXBuildFile; fileRef = 2D3DEE78048E361BDFF5588A /* Pods_Baton.framework */; };
		8E0F19871C72590200F7BC35 /* ChannelViewController.swift in Sources */ = {isa = PBXBuildFile; fileRef = 8E0F19861C72590200F7BC35 /* ChannelViewController.swift */; };
		8E0F19891C72596900F7BC35 /* ChannelTitleTableViewCell.swift in Sources */ = {isa = PBXBuildFile; fileRef = 8E0F19881C72596900F7BC35 /* ChannelTitleTableViewCell.swift */; };
		8E0F198B1C725F3F00F7BC35 /* PickChannelViewController.swift in Sources */ = {isa = PBXBuildFile; fileRef = 8E0F198A1C725F3E00F7BC35 /* PickChannelViewController.swift */; };
		8E0F198D1C72602800F7BC35 /* PickChannelTableViewCell.swift in Sources */ = {isa = PBXBuildFile; fileRef = 8E0F198C1C72602800F7BC35 /* PickChannelTableViewCell.swift */; };
		8E0F198F1C7294EF00F7BC35 /* FeedSegmentedTableViewCell.swift in Sources */ = {isa = PBXBuildFile; fileRef = 8E0F198E1C7294EF00F7BC35 /* FeedSegmentedTableViewCell.swift */; };
		8E146C561C5AA55500468A1C /* NameViewController.swift in Sources */ = {isa = PBXBuildFile; fileRef = 8E146C551C5AA55500468A1C /* NameViewController.swift */; };
		8E146C581C5AA55C00468A1C /* UsernameViewController.swift in Sources */ = {isa = PBXBuildFile; fileRef = 8E146C571C5AA55C00468A1C /* UsernameViewController.swift */; };
		8E146C5A1C5AC1FE00468A1C /* NotificationFollowTableViewCell.swift in Sources */ = {isa = PBXBuildFile; fileRef = 8E146C591C5AC1FE00468A1C /* NotificationFollowTableViewCell.swift */; };
		8E146C5C1C5BE89200468A1C /* SettingsTableViewController.swift in Sources */ = {isa = PBXBuildFile; fileRef = 8E146C5B1C5BE89200468A1C /* SettingsTableViewController.swift */; };
		8E146C5E1C5BEE8500468A1C /* EditProfileTableViewController.swift in Sources */ = {isa = PBXBuildFile; fileRef = 8E146C5D1C5BEE8500468A1C /* EditProfileTableViewController.swift */; };
		8E146C601C5C334800468A1C /* FollowingSearchTableViewCell.swift in Sources */ = {isa = PBXBuildFile; fileRef = 8E146C5F1C5C334800468A1C /* FollowingSearchTableViewCell.swift */; };
		8E146C621C5FE42D00468A1C /* ChangePasswordViewController.swift in Sources */ = {isa = PBXBuildFile; fileRef = 8E146C611C5FE42D00468A1C /* ChangePasswordViewController.swift */; };
		8E146C641C5FEFC800468A1C /* ChangeEmailViewController.swift in Sources */ = {isa = PBXBuildFile; fileRef = 8E146C631C5FEFC800468A1C /* ChangeEmailViewController.swift */; };
		8E146C671C62901000468A1C /* TwitterSignupViewController.swift in Sources */ = {isa = PBXBuildFile; fileRef = 8E146C661C62900F00468A1C /* TwitterSignupViewController.swift */; };
		8E146C691C62B5EE00468A1C /* WebViewController.swift in Sources */ = {isa = PBXBuildFile; fileRef = 8E146C681C62B5EE00468A1C /* WebViewController.swift */; };
		8E146C6E1C69221400468A1C /* ShareVideoViewController.swift in Sources */ = {isa = PBXBuildFile; fileRef = 8E146C6D1C69221400468A1C /* ShareVideoViewController.swift */; };
		8E146C761C6BBC1B00468A1C /* OnboardingViewController.swift in Sources */ = {isa = PBXBuildFile; fileRef = 8E146C751C6BBC1800468A1C /* OnboardingViewController.swift */; };
		8E146C781C6BC25500468A1C /* Onboarding.storyboard in Resources */ = {isa = PBXBuildFile; fileRef = 8E146C771C6BC25500468A1C /* Onboarding.storyboard */; };
		8E146C7B1C6BD3C500468A1C /* Onboarding1ViewController.swift in Sources */ = {isa = PBXBuildFile; fileRef = 8E146C7A1C6BD3C400468A1C /* Onboarding1ViewController.swift */; };
		8E146C7D1C6BE54A00468A1C /* Onboarding2ViewController.swift in Sources */ = {isa = PBXBuildFile; fileRef = 8E146C7C1C6BE54900468A1C /* Onboarding2ViewController.swift */; };
		8E146C8E1C6C043500468A1C /* Onboarding3ViewController.swift in Sources */ = {isa = PBXBuildFile; fileRef = 8E146C8D1C6C043500468A1C /* Onboarding3ViewController.swift */; };
		8E146C901C6C0C2200468A1C /* PushViewController.swift in Sources */ = {isa = PBXBuildFile; fileRef = 8E146C8F1C6C0C2100468A1C /* PushViewController.swift */; };
		8E1977951CB44E58005B05FF /* LockedSchoolViewController.swift in Sources */ = {isa = PBXBuildFile; fileRef = 8E1977941CB44E58005B05FF /* LockedSchoolViewController.swift */; };
		8E1977971CB452A2005B05FF /* SuggestSchoolViewController.swift in Sources */ = {isa = PBXBuildFile; fileRef = 8E1977961CB452A2005B05FF /* SuggestSchoolViewController.swift */; };
		8E26344C1C0C3D5D002A65D0 /* TakeVideoViewController.swift in Sources */ = {isa = PBXBuildFile; fileRef = 8E26344B1C0C3D5D002A65D0 /* TakeVideoViewController.swift */; };
		8E4EB6C21C929245005B078D /* FeaturedPreviewTableViewCell.swift in Sources */ = {isa = PBXBuildFile; fileRef = 8E4EB6C11C929245005B078D /* FeaturedPreviewTableViewCell.swift */; };
		8E4EB6C41C92A04F005B078D /* ProfileLikeTableViewCell.swift in Sources */ = {isa = PBXBuildFile; fileRef = 8E4EB6C31C92A04F005B078D /* ProfileLikeTableViewCell.swift */; };
		8E4EB6C61C94E3FF005B078D /* EditPushViewController.swift in Sources */ = {isa = PBXBuildFile; fileRef = 8E4EB6C51C94E3FF005B078D /* EditPushViewController.swift */; };
		8E6A7DF81C8FBC160010BA42 /* AddTakeViewController.swift in Sources */ = {isa = PBXBuildFile; fileRef = 8E6A7DF71C8FBC160010BA42 /* AddTakeViewController.swift */; };
		8E6A7DFA1C8FD7430010BA42 /* FeaturedTableViewCell.swift in Sources */ = {isa = PBXBuildFile; fileRef = 8E6A7DF91C8FD7430010BA42 /* FeaturedTableViewCell.swift */; };
		8E6A7DFC1C8FE7620010BA42 /* FeaturedVideoViewController.swift in Sources */ = {isa = PBXBuildFile; fileRef = 8E6A7DFB1C8FE7620010BA42 /* FeaturedVideoViewController.swift */; };
		8E9D70E31C164A280073CA17 /* AnsweredQuestionViewController.swift in Sources */ = {isa = PBXBuildFile; fileRef = 8E9D70E21C164A280073CA17 /* AnsweredQuestionViewController.swift */; };
		8E9D70E51C164A920073CA17 /* AnsweredQuestionTableViewCell.swift in Sources */ = {isa = PBXBuildFile; fileRef = 8E9D70E41C164A920073CA17 /* AnsweredQuestionTableViewCell.swift */; };
		8E9D70E71C167A960073CA17 /* MyQuestionTitleTableViewCell.swift in Sources */ = {isa = PBXBuildFile; fileRef = 8E9D70E61C167A960073CA17 /* MyQuestionTitleTableViewCell.swift */; };
		8E9D70E91C1776860073CA17 /* ProfileRelayTableViewCell.swift in Sources */ = {isa = PBXBuildFile; fileRef = 8E9D70E81C1776860073CA17 /* ProfileRelayTableViewCell.swift */; };
		8E9D70EB1C17A0300073CA17 /* TabBarViewController.swift in Sources */ = {isa = PBXBuildFile; fileRef = 8E9D70EA1C17A0300073CA17 /* TabBarViewController.swift */; };
		8EA960F61C110A3F00371C77 /* AnswersViewController.swift in Sources */ = {isa = PBXBuildFile; fileRef = 8EA960F51C110A3F00371C77 /* AnswersViewController.swift */; };
		8EA960FA1C12277900371C77 /* QuestionTitleTableViewCell.swift in Sources */ = {isa = PBXBuildFile; fileRef = 8EA960F91C12277900371C77 /* QuestionTitleTableViewCell.swift */; };
		8EAA26571CAB5F9E00FE5B86 /* ConfirmSchoolViewController.swift in Sources */ = {isa = PBXBuildFile; fileRef = 8EAA26561CAB5F9E00FE5B86 /* ConfirmSchoolViewController.swift */; };
		8EAA26591CAC6FAC00FE5B86 /* PickSchoolTypeViewController.swift in Sources */ = {isa = PBXBuildFile; fileRef = 8EAA26581CAC6FAC00FE5B86 /* PickSchoolTypeViewController.swift */; };
		8EAA265B1CAC9EF000FE5B86 /* SchoolTableViewCell.swift in Sources */ = {isa = PBXBuildFile; fileRef = 8EAA265A1CAC9EF000FE5B86 /* SchoolTableViewCell.swift */; };
		8EAA265D1CAD9B2200FE5B86 /* CollegeEmailViewController.swift in Sources */ = {isa = PBXBuildFile; fileRef = 8EAA265C1CAD9B2200FE5B86 /* CollegeEmailViewController.swift */; };
		8EB767681C90E69B00FFD127 /* AnswerPreviewTableViewCell.swift in Sources */ = {isa = PBXBuildFile; fileRef = 8EB767671C90E69B00FFD127 /* AnswerPreviewTableViewCell.swift */; };
		8EB7676A1C90F03300FFD127 /* VideoViewController.swift in Sources */ = {isa = PBXBuildFile; fileRef = 8EB767691C90F03300FFD127 /* VideoViewController.swift */; };
		8EB767701C9105E400FFD127 /* VideoPageViewController.swift in Sources */ = {isa = PBXBuildFile; fileRef = 8EB7676F1C9105E400FFD127 /* VideoPageViewController.swift */; };
		8EB767721C921E2200FFD127 /* FollowingPreviewTableViewCell.swift in Sources */ = {isa = PBXBuildFile; fileRef = 8EB767711C921E2200FFD127 /* FollowingPreviewTableViewCell.swift */; };
		8EB767741C924CA700FFD127 /* DismissAnimator.swift in Sources */ = {isa = PBXBuildFile; fileRef = 8EB767731C924CA600FFD127 /* DismissAnimator.swift */; };
		8EB767761C924F7E00FFD127 /* Interactor.swift in Sources */ = {isa = PBXBuildFile; fileRef = 8EB767751C924F7E00FFD127 /* Interactor.swift */; };
		8EB945651C487B1100FA01E2 /* UserListViewController.swift in Sources */ = {isa = PBXBuildFile; fileRef = 8EB945641C487B1000FA01E2 /* UserListViewController.swift */; };
		8EB945671C487BA000FA01E2 /* UserTableViewCell.swift in Sources */ = {isa = PBXBuildFile; fileRef = 8EB945661C487BA000FA01E2 /* UserTableViewCell.swift */; };
		8EB945691C49820100FA01E2 /* NotificationLikedTableViewCell.swift in Sources */ = {isa = PBXBuildFile; fileRef = 8EB945681C49820000FA01E2 /* NotificationLikedTableViewCell.swift */; };
		8EB9456B1C498B3000FA01E2 /* FollowingViewController.swift in Sources */ = {isa = PBXBuildFile; fileRef = 8EB9456A1C498B3000FA01E2 /* FollowingViewController.swift */; };
		8EB9456F1C49B00D00FA01E2 /* FollowingQuestionTableViewCell.swift in Sources */ = {isa = PBXBuildFile; fileRef = 8EB9456E1C49B00D00FA01E2 /* FollowingQuestionTableViewCell.swift */; };
		8EB945711C4DA46900FA01E2 /* ProfileLikedTableViewCell.swift in Sources */ = {isa = PBXBuildFile; fileRef = 8EB945701C4DA46900FA01E2 /* ProfileLikedTableViewCell.swift */; };
		8EB945731C53151200FA01E2 /* FollowHeaderTableViewCell.swift in Sources */ = {isa = PBXBuildFile; fileRef = 8EB945721C53151100FA01E2 /* FollowHeaderTableViewCell.swift */; };
		8EB945751C580F6000FA01E2 /* ProfileButtonsTableViewCell.swift in Sources */ = {isa = PBXBuildFile; fileRef = 8EB945741C580F6000FA01E2 /* ProfileButtonsTableViewCell.swift */; };
		8EE04ACE1BE2998A0040D5A5 /* AppDelegate.swift in Sources */ = {isa = PBXBuildFile; fileRef = 8EE04ACD1BE2998A0040D5A5 /* AppDelegate.swift */; };
		8EE04AD31BE2998A0040D5A5 /* Main.storyboard in Resources */ = {isa = PBXBuildFile; fileRef = 8EE04AD11BE2998A0040D5A5 /* Main.storyboard */; };
		8EE04AD51BE2998A0040D5A5 /* Assets.xcassets in Resources */ = {isa = PBXBuildFile; fileRef = 8EE04AD41BE2998A0040D5A5 /* Assets.xcassets */; };
		8EE04AD81BE2998A0040D5A5 /* LaunchScreen.storyboard in Resources */ = {isa = PBXBuildFile; fileRef = 8EE04AD61BE2998A0040D5A5 /* LaunchScreen.storyboard */; };
		8EE04AE31BE2998A0040D5A5 /* QuestionSwiftProjectTests.swift in Sources */ = {isa = PBXBuildFile; fileRef = 8EE04AE21BE2998A0040D5A5 /* QuestionSwiftProjectTests.swift */; };
		8EE04AEE1BE2998A0040D5A5 /* QuestionSwiftProjectUITests.swift in Sources */ = {isa = PBXBuildFile; fileRef = 8EE04AED1BE2998A0040D5A5 /* QuestionSwiftProjectUITests.swift */; };
		8EE04AFC1BE29A030040D5A5 /* FeedViewController.swift in Sources */ = {isa = PBXBuildFile; fileRef = 8EE04AFB1BE29A030040D5A5 /* FeedViewController.swift */; };
		8EE04AFE1BE29C3A0040D5A5 /* QuestionTableViewCell.swift in Sources */ = {isa = PBXBuildFile; fileRef = 8EE04AFD1BE29C3A0040D5A5 /* QuestionTableViewCell.swift */; };
		8EE04B001BE2A14F0040D5A5 /* AskQuestionViewController.swift in Sources */ = {isa = PBXBuildFile; fileRef = 8EE04AFF1BE2A14F0040D5A5 /* AskQuestionViewController.swift */; };
		8EE04B031BE2A6E20040D5A5 /* LogIn.storyboard in Resources */ = {isa = PBXBuildFile; fileRef = 8EE04B021BE2A6E20040D5A5 /* LogIn.storyboard */; };
		8EE04B051BE2A77D0040D5A5 /* StartViewController.swift in Sources */ = {isa = PBXBuildFile; fileRef = 8EE04B041BE2A77D0040D5A5 /* StartViewController.swift */; };
		8EE04B071BE2A7A30040D5A5 /* LogInViewController.swift in Sources */ = {isa = PBXBuildFile; fileRef = 8EE04B061BE2A7A30040D5A5 /* LogInViewController.swift */; };
		8EE04B091BE2A7AD0040D5A5 /* SignUpViewController.swift in Sources */ = {isa = PBXBuildFile; fileRef = 8EE04B081BE2A7AD0040D5A5 /* SignUpViewController.swift */; };
		8EE04B1C1BE862160040D5A5 /* Question.swift in Sources */ = {isa = PBXBuildFile; fileRef = 8EE04B1B1BE862160040D5A5 /* Question.swift */; };
		8EE04B1E1BE95D7B0040D5A5 /* NotificationViewController.swift in Sources */ = {isa = PBXBuildFile; fileRef = 8EE04B1D1BE95D7B0040D5A5 /* NotificationViewController.swift */; };
		8EE04B201BE95F140040D5A5 /* NotificationAnswerTableViewCell.swift in Sources */ = {isa = PBXBuildFile; fileRef = 8EE04B1F1BE95F140040D5A5 /* NotificationAnswerTableViewCell.swift */; };
		8EE04B241BE973500040D5A5 /* ProfileViewController.swift in Sources */ = {isa = PBXBuildFile; fileRef = 8EE04B231BE973500040D5A5 /* ProfileViewController.swift */; };
		8EE04B261BE974630040D5A5 /* ProfileQuestionTableViewCell.swift in Sources */ = {isa = PBXBuildFile; fileRef = 8EE04B251BE974630040D5A5 /* ProfileQuestionTableViewCell.swift */; };
		8EE04B281BE97D6B0040D5A5 /* Notification.swift in Sources */ = {isa = PBXBuildFile; fileRef = 8EE04B271BE97D6B0040D5A5 /* Notification.swift */; };
		8EE04B2A1BEAA92F0040D5A5 /* Answer.swift in Sources */ = {isa = PBXBuildFile; fileRef = 8EE04B291BEAA92F0040D5A5 /* Answer.swift */; };
		8EE04B2E1BEABBD10040D5A5 /* ProfileTableViewCell.swift in Sources */ = {isa = PBXBuildFile; fileRef = 8EE04B2D1BEABBD10040D5A5 /* ProfileTableViewCell.swift */; };
/* End PBXBuildFile section */

/* Begin PBXContainerItemProxy section */
		8EE04ADF1BE2998A0040D5A5 /* PBXContainerItemProxy */ = {
			isa = PBXContainerItemProxy;
			containerPortal = 8EE04AC21BE299890040D5A5 /* Project object */;
			proxyType = 1;
			remoteGlobalIDString = 8EE04AC91BE299890040D5A5;
			remoteInfo = QuestionSwiftProject;
		};
		8EE04AEA1BE2998A0040D5A5 /* PBXContainerItemProxy */ = {
			isa = PBXContainerItemProxy;
			containerPortal = 8EE04AC21BE299890040D5A5 /* Project object */;
			proxyType = 1;
			remoteGlobalIDString = 8EE04AC91BE299890040D5A5;
			remoteInfo = QuestionSwiftProject;
		};
/* End PBXContainerItemProxy section */

/* Begin PBXFileReference section */
		2D3DEE78048E361BDFF5588A /* Pods_Baton.framework */ = {isa = PBXFileReference; explicitFileType = wrapper.framework; includeInIndex = 0; path = Pods_Baton.framework; sourceTree = BUILT_PRODUCTS_DIR; };
		8E0F19861C72590200F7BC35 /* ChannelViewController.swift */ = {isa = PBXFileReference; fileEncoding = 4; lastKnownFileType = sourcecode.swift; path = ChannelViewController.swift; sourceTree = "<group>"; };
		8E0F19881C72596900F7BC35 /* ChannelTitleTableViewCell.swift */ = {isa = PBXFileReference; fileEncoding = 4; lastKnownFileType = sourcecode.swift; path = ChannelTitleTableViewCell.swift; sourceTree = "<group>"; };
		8E0F198A1C725F3E00F7BC35 /* PickChannelViewController.swift */ = {isa = PBXFileReference; fileEncoding = 4; lastKnownFileType = sourcecode.swift; path = PickChannelViewController.swift; sourceTree = "<group>"; };
		8E0F198C1C72602800F7BC35 /* PickChannelTableViewCell.swift */ = {isa = PBXFileReference; fileEncoding = 4; lastKnownFileType = sourcecode.swift; path = PickChannelTableViewCell.swift; sourceTree = "<group>"; };
		8E0F198E1C7294EF00F7BC35 /* FeedSegmentedTableViewCell.swift */ = {isa = PBXFileReference; fileEncoding = 4; lastKnownFileType = sourcecode.swift; path = FeedSegmentedTableViewCell.swift; sourceTree = "<group>"; };
		8E146C551C5AA55500468A1C /* NameViewController.swift */ = {isa = PBXFileReference; fileEncoding = 4; lastKnownFileType = sourcecode.swift; path = NameViewController.swift; sourceTree = "<group>"; };
		8E146C571C5AA55C00468A1C /* UsernameViewController.swift */ = {isa = PBXFileReference; fileEncoding = 4; lastKnownFileType = sourcecode.swift; path = UsernameViewController.swift; sourceTree = "<group>"; };
		8E146C591C5AC1FE00468A1C /* NotificationFollowTableViewCell.swift */ = {isa = PBXFileReference; fileEncoding = 4; lastKnownFileType = sourcecode.swift; path = NotificationFollowTableViewCell.swift; sourceTree = "<group>"; };
		8E146C5B1C5BE89200468A1C /* SettingsTableViewController.swift */ = {isa = PBXFileReference; fileEncoding = 4; lastKnownFileType = sourcecode.swift; path = SettingsTableViewController.swift; sourceTree = "<group>"; };
		8E146C5D1C5BEE8500468A1C /* EditProfileTableViewController.swift */ = {isa = PBXFileReference; fileEncoding = 4; lastKnownFileType = sourcecode.swift; path = EditProfileTableViewController.swift; sourceTree = "<group>"; };
		8E146C5F1C5C334800468A1C /* FollowingSearchTableViewCell.swift */ = {isa = PBXFileReference; fileEncoding = 4; lastKnownFileType = sourcecode.swift; path = FollowingSearchTableViewCell.swift; sourceTree = "<group>"; };
		8E146C611C5FE42D00468A1C /* ChangePasswordViewController.swift */ = {isa = PBXFileReference; fileEncoding = 4; lastKnownFileType = sourcecode.swift; path = ChangePasswordViewController.swift; sourceTree = "<group>"; };
		8E146C631C5FEFC800468A1C /* ChangeEmailViewController.swift */ = {isa = PBXFileReference; fileEncoding = 4; lastKnownFileType = sourcecode.swift; path = ChangeEmailViewController.swift; sourceTree = "<group>"; };
		8E146C661C62900F00468A1C /* TwitterSignupViewController.swift */ = {isa = PBXFileReference; fileEncoding = 4; lastKnownFileType = sourcecode.swift; path = TwitterSignupViewController.swift; sourceTree = "<group>"; };
		8E146C681C62B5EE00468A1C /* WebViewController.swift */ = {isa = PBXFileReference; fileEncoding = 4; lastKnownFileType = sourcecode.swift; path = WebViewController.swift; sourceTree = "<group>"; };
		8E146C6D1C69221400468A1C /* ShareVideoViewController.swift */ = {isa = PBXFileReference; fileEncoding = 4; lastKnownFileType = sourcecode.swift; path = ShareVideoViewController.swift; sourceTree = "<group>"; };
		8E146C751C6BBC1800468A1C /* OnboardingViewController.swift */ = {isa = PBXFileReference; fileEncoding = 4; lastKnownFileType = sourcecode.swift; path = OnboardingViewController.swift; sourceTree = "<group>"; };
		8E146C771C6BC25500468A1C /* Onboarding.storyboard */ = {isa = PBXFileReference; fileEncoding = 4; lastKnownFileType = file.storyboard; path = Onboarding.storyboard; sourceTree = "<group>"; };
		8E146C7A1C6BD3C400468A1C /* Onboarding1ViewController.swift */ = {isa = PBXFileReference; fileEncoding = 4; lastKnownFileType = sourcecode.swift; path = Onboarding1ViewController.swift; sourceTree = "<group>"; };
		8E146C7C1C6BE54900468A1C /* Onboarding2ViewController.swift */ = {isa = PBXFileReference; fileEncoding = 4; lastKnownFileType = sourcecode.swift; path = Onboarding2ViewController.swift; sourceTree = "<group>"; };
		8E146C8D1C6C043500468A1C /* Onboarding3ViewController.swift */ = {isa = PBXFileReference; fileEncoding = 4; lastKnownFileType = sourcecode.swift; path = Onboarding3ViewController.swift; sourceTree = "<group>"; };
		8E146C8F1C6C0C2100468A1C /* PushViewController.swift */ = {isa = PBXFileReference; fileEncoding = 4; lastKnownFileType = sourcecode.swift; path = PushViewController.swift; sourceTree = "<group>"; };
		8E1977941CB44E58005B05FF /* LockedSchoolViewController.swift */ = {isa = PBXFileReference; fileEncoding = 4; lastKnownFileType = sourcecode.swift; path = LockedSchoolViewController.swift; sourceTree = "<group>"; };
		8E1977961CB452A2005B05FF /* SuggestSchoolViewController.swift */ = {isa = PBXFileReference; fileEncoding = 4; lastKnownFileType = sourcecode.swift; path = SuggestSchoolViewController.swift; sourceTree = "<group>"; };
		8E26344B1C0C3D5D002A65D0 /* TakeVideoViewController.swift */ = {isa = PBXFileReference; fileEncoding = 4; lastKnownFileType = sourcecode.swift; path = TakeVideoViewController.swift; sourceTree = "<group>"; };
		8E4EB6C11C929245005B078D /* FeaturedPreviewTableViewCell.swift */ = {isa = PBXFileReference; fileEncoding = 4; lastKnownFileType = sourcecode.swift; path = FeaturedPreviewTableViewCell.swift; sourceTree = "<group>"; };
		8E4EB6C31C92A04F005B078D /* ProfileLikeTableViewCell.swift */ = {isa = PBXFileReference; fileEncoding = 4; lastKnownFileType = sourcecode.swift; path = ProfileLikeTableViewCell.swift; sourceTree = "<group>"; };
		8E4EB6C51C94E3FF005B078D /* EditPushViewController.swift */ = {isa = PBXFileReference; fileEncoding = 4; lastKnownFileType = sourcecode.swift; path = EditPushViewController.swift; sourceTree = "<group>"; };
		8E6A7DF71C8FBC160010BA42 /* AddTakeViewController.swift */ = {isa = PBXFileReference; fileEncoding = 4; lastKnownFileType = sourcecode.swift; path = AddTakeViewController.swift; sourceTree = "<group>"; };
		8E6A7DF91C8FD7430010BA42 /* FeaturedTableViewCell.swift */ = {isa = PBXFileReference; fileEncoding = 4; lastKnownFileType = sourcecode.swift; path = FeaturedTableViewCell.swift; sourceTree = "<group>"; };
		8E6A7DFB1C8FE7620010BA42 /* FeaturedVideoViewController.swift */ = {isa = PBXFileReference; fileEncoding = 4; lastKnownFileType = sourcecode.swift; path = FeaturedVideoViewController.swift; sourceTree = "<group>"; };
		8E9D70E21C164A280073CA17 /* AnsweredQuestionViewController.swift */ = {isa = PBXFileReference; fileEncoding = 4; lastKnownFileType = sourcecode.swift; path = AnsweredQuestionViewController.swift; sourceTree = "<group>"; };
		8E9D70E41C164A920073CA17 /* AnsweredQuestionTableViewCell.swift */ = {isa = PBXFileReference; fileEncoding = 4; lastKnownFileType = sourcecode.swift; path = AnsweredQuestionTableViewCell.swift; sourceTree = "<group>"; };
		8E9D70E61C167A960073CA17 /* MyQuestionTitleTableViewCell.swift */ = {isa = PBXFileReference; fileEncoding = 4; lastKnownFileType = sourcecode.swift; path = MyQuestionTitleTableViewCell.swift; sourceTree = "<group>"; };
		8E9D70E81C1776860073CA17 /* ProfileRelayTableViewCell.swift */ = {isa = PBXFileReference; fileEncoding = 4; lastKnownFileType = sourcecode.swift; path = ProfileRelayTableViewCell.swift; sourceTree = "<group>"; };
		8E9D70EA1C17A0300073CA17 /* TabBarViewController.swift */ = {isa = PBXFileReference; fileEncoding = 4; lastKnownFileType = sourcecode.swift; path = TabBarViewController.swift; sourceTree = "<group>"; };
		8EA960F51C110A3F00371C77 /* AnswersViewController.swift */ = {isa = PBXFileReference; fileEncoding = 4; lastKnownFileType = sourcecode.swift; path = AnswersViewController.swift; sourceTree = "<group>"; };
		8EA960F91C12277900371C77 /* QuestionTitleTableViewCell.swift */ = {isa = PBXFileReference; fileEncoding = 4; lastKnownFileType = sourcecode.swift; path = QuestionTitleTableViewCell.swift; sourceTree = "<group>"; };
		8EAA26561CAB5F9E00FE5B86 /* ConfirmSchoolViewController.swift */ = {isa = PBXFileReference; fileEncoding = 4; lastKnownFileType = sourcecode.swift; path = ConfirmSchoolViewController.swift; sourceTree = "<group>"; };
		8EAA26581CAC6FAC00FE5B86 /* PickSchoolTypeViewController.swift */ = {isa = PBXFileReference; fileEncoding = 4; lastKnownFileType = sourcecode.swift; path = PickSchoolTypeViewController.swift; sourceTree = "<group>"; };
		8EAA265A1CAC9EF000FE5B86 /* SchoolTableViewCell.swift */ = {isa = PBXFileReference; fileEncoding = 4; lastKnownFileType = sourcecode.swift; path = SchoolTableViewCell.swift; sourceTree = "<group>"; };
		8EAA265C1CAD9B2200FE5B86 /* CollegeEmailViewController.swift */ = {isa = PBXFileReference; fileEncoding = 4; lastKnownFileType = sourcecode.swift; path = CollegeEmailViewController.swift; sourceTree = "<group>"; };
		8EB767671C90E69B00FFD127 /* AnswerPreviewTableViewCell.swift */ = {isa = PBXFileReference; fileEncoding = 4; lastKnownFileType = sourcecode.swift; path = AnswerPreviewTableViewCell.swift; sourceTree = "<group>"; };
		8EB767691C90F03300FFD127 /* VideoViewController.swift */ = {isa = PBXFileReference; fileEncoding = 4; lastKnownFileType = sourcecode.swift; path = VideoViewController.swift; sourceTree = "<group>"; };
		8EB7676F1C9105E400FFD127 /* VideoPageViewController.swift */ = {isa = PBXFileReference; fileEncoding = 4; lastKnownFileType = sourcecode.swift; path = VideoPageViewController.swift; sourceTree = "<group>"; };
		8EB767711C921E2200FFD127 /* FollowingPreviewTableViewCell.swift */ = {isa = PBXFileReference; fileEncoding = 4; lastKnownFileType = sourcecode.swift; path = FollowingPreviewTableViewCell.swift; sourceTree = "<group>"; };
		8EB767731C924CA600FFD127 /* DismissAnimator.swift */ = {isa = PBXFileReference; fileEncoding = 4; lastKnownFileType = sourcecode.swift; path = DismissAnimator.swift; sourceTree = "<group>"; };
		8EB767751C924F7E00FFD127 /* Interactor.swift */ = {isa = PBXFileReference; fileEncoding = 4; lastKnownFileType = sourcecode.swift; path = Interactor.swift; sourceTree = "<group>"; };
		8EB945641C487B1000FA01E2 /* UserListViewController.swift */ = {isa = PBXFileReference; fileEncoding = 4; lastKnownFileType = sourcecode.swift; path = UserListViewController.swift; sourceTree = "<group>"; };
		8EB945661C487BA000FA01E2 /* UserTableViewCell.swift */ = {isa = PBXFileReference; fileEncoding = 4; lastKnownFileType = sourcecode.swift; path = UserTableViewCell.swift; sourceTree = "<group>"; };
		8EB945681C49820000FA01E2 /* NotificationLikedTableViewCell.swift */ = {isa = PBXFileReference; fileEncoding = 4; lastKnownFileType = sourcecode.swift; path = NotificationLikedTableViewCell.swift; sourceTree = "<group>"; };
		8EB9456A1C498B3000FA01E2 /* FollowingViewController.swift */ = {isa = PBXFileReference; fileEncoding = 4; lastKnownFileType = sourcecode.swift; path = FollowingViewController.swift; sourceTree = "<group>"; };
		8EB9456E1C49B00D00FA01E2 /* FollowingQuestionTableViewCell.swift */ = {isa = PBXFileReference; fileEncoding = 4; lastKnownFileType = sourcecode.swift; path = FollowingQuestionTableViewCell.swift; sourceTree = "<group>"; };
		8EB945701C4DA46900FA01E2 /* ProfileLikedTableViewCell.swift */ = {isa = PBXFileReference; fileEncoding = 4; lastKnownFileType = sourcecode.swift; path = ProfileLikedTableViewCell.swift; sourceTree = "<group>"; };
		8EB945721C53151100FA01E2 /* FollowHeaderTableViewCell.swift */ = {isa = PBXFileReference; fileEncoding = 4; lastKnownFileType = sourcecode.swift; path = FollowHeaderTableViewCell.swift; sourceTree = "<group>"; };
		8EB945741C580F6000FA01E2 /* ProfileButtonsTableViewCell.swift */ = {isa = PBXFileReference; fileEncoding = 4; lastKnownFileType = sourcecode.swift; path = ProfileButtonsTableViewCell.swift; sourceTree = "<group>"; };
		8EE04ACA1BE299890040D5A5 /* Baton Test.app */ = {isa = PBXFileReference; explicitFileType = wrapper.application; includeInIndex = 0; path = "Baton Test.app"; sourceTree = BUILT_PRODUCTS_DIR; };
		8EE04ACD1BE2998A0040D5A5 /* AppDelegate.swift */ = {isa = PBXFileReference; lastKnownFileType = sourcecode.swift; path = AppDelegate.swift; sourceTree = "<group>"; };
		8EE04AD21BE2998A0040D5A5 /* Base */ = {isa = PBXFileReference; lastKnownFileType = file.storyboard; name = Base; path = Base.lproj/Main.storyboard; sourceTree = "<group>"; };
		8EE04AD41BE2998A0040D5A5 /* Assets.xcassets */ = {isa = PBXFileReference; lastKnownFileType = folder.assetcatalog; path = Assets.xcassets; sourceTree = "<group>"; };
		8EE04AD71BE2998A0040D5A5 /* Base */ = {isa = PBXFileReference; lastKnownFileType = file.storyboard; name = Base; path = Base.lproj/LaunchScreen.storyboard; sourceTree = "<group>"; };
		8EE04AD91BE2998A0040D5A5 /* Info.plist */ = {isa = PBXFileReference; lastKnownFileType = text.plist.xml; path = Info.plist; sourceTree = "<group>"; };
		8EE04ADE1BE2998A0040D5A5 /* Baton.xctest */ = {isa = PBXFileReference; explicitFileType = wrapper.cfbundle; includeInIndex = 0; path = Baton.xctest; sourceTree = BUILT_PRODUCTS_DIR; };
		8EE04AE21BE2998A0040D5A5 /* QuestionSwiftProjectTests.swift */ = {isa = PBXFileReference; lastKnownFileType = sourcecode.swift; path = QuestionSwiftProjectTests.swift; sourceTree = "<group>"; };
		8EE04AE41BE2998A0040D5A5 /* Info.plist */ = {isa = PBXFileReference; lastKnownFileType = text.plist.xml; path = Info.plist; sourceTree = "<group>"; };
		8EE04AE91BE2998A0040D5A5 /* Baton.xctest */ = {isa = PBXFileReference; explicitFileType = wrapper.cfbundle; includeInIndex = 0; path = Baton.xctest; sourceTree = BUILT_PRODUCTS_DIR; };
		8EE04AED1BE2998A0040D5A5 /* QuestionSwiftProjectUITests.swift */ = {isa = PBXFileReference; lastKnownFileType = sourcecode.swift; path = QuestionSwiftProjectUITests.swift; sourceTree = "<group>"; };
		8EE04AEF1BE2998A0040D5A5 /* Info.plist */ = {isa = PBXFileReference; lastKnownFileType = text.plist.xml; path = Info.plist; sourceTree = "<group>"; };
		8EE04AFB1BE29A030040D5A5 /* FeedViewController.swift */ = {isa = PBXFileReference; fileEncoding = 4; lastKnownFileType = sourcecode.swift; path = FeedViewController.swift; sourceTree = "<group>"; };
		8EE04AFD1BE29C3A0040D5A5 /* QuestionTableViewCell.swift */ = {isa = PBXFileReference; fileEncoding = 4; lastKnownFileType = sourcecode.swift; path = QuestionTableViewCell.swift; sourceTree = "<group>"; };
		8EE04AFF1BE2A14F0040D5A5 /* AskQuestionViewController.swift */ = {isa = PBXFileReference; fileEncoding = 4; lastKnownFileType = sourcecode.swift; path = AskQuestionViewController.swift; sourceTree = "<group>"; };
		8EE04B021BE2A6E20040D5A5 /* LogIn.storyboard */ = {isa = PBXFileReference; fileEncoding = 4; lastKnownFileType = file.storyboard; path = LogIn.storyboard; sourceTree = "<group>"; };
		8EE04B041BE2A77D0040D5A5 /* StartViewController.swift */ = {isa = PBXFileReference; fileEncoding = 4; lastKnownFileType = sourcecode.swift; path = StartViewController.swift; sourceTree = "<group>"; };
		8EE04B061BE2A7A30040D5A5 /* LogInViewController.swift */ = {isa = PBXFileReference; fileEncoding = 4; lastKnownFileType = sourcecode.swift; path = LogInViewController.swift; sourceTree = "<group>"; };
		8EE04B081BE2A7AD0040D5A5 /* SignUpViewController.swift */ = {isa = PBXFileReference; fileEncoding = 4; lastKnownFileType = sourcecode.swift; path = SignUpViewController.swift; sourceTree = "<group>"; };
		8EE04B1B1BE862160040D5A5 /* Question.swift */ = {isa = PBXFileReference; fileEncoding = 4; lastKnownFileType = sourcecode.swift; path = Question.swift; sourceTree = "<group>"; };
		8EE04B1D1BE95D7B0040D5A5 /* NotificationViewController.swift */ = {isa = PBXFileReference; fileEncoding = 4; lastKnownFileType = sourcecode.swift; path = NotificationViewController.swift; sourceTree = "<group>"; };
		8EE04B1F1BE95F140040D5A5 /* NotificationAnswerTableViewCell.swift */ = {isa = PBXFileReference; fileEncoding = 4; lastKnownFileType = sourcecode.swift; path = NotificationAnswerTableViewCell.swift; sourceTree = "<group>"; };
		8EE04B231BE973500040D5A5 /* ProfileViewController.swift */ = {isa = PBXFileReference; fileEncoding = 4; lastKnownFileType = sourcecode.swift; path = ProfileViewController.swift; sourceTree = "<group>"; };
		8EE04B251BE974630040D5A5 /* ProfileQuestionTableViewCell.swift */ = {isa = PBXFileReference; fileEncoding = 4; lastKnownFileType = sourcecode.swift; path = ProfileQuestionTableViewCell.swift; sourceTree = "<group>"; };
		8EE04B271BE97D6B0040D5A5 /* Notification.swift */ = {isa = PBXFileReference; fileEncoding = 4; lastKnownFileType = sourcecode.swift; path = Notification.swift; sourceTree = "<group>"; };
		8EE04B291BEAA92F0040D5A5 /* Answer.swift */ = {isa = PBXFileReference; fileEncoding = 4; lastKnownFileType = sourcecode.swift; path = Answer.swift; sourceTree = "<group>"; };
		8EE04B2D1BEABBD10040D5A5 /* ProfileTableViewCell.swift */ = {isa = PBXFileReference; fileEncoding = 4; lastKnownFileType = sourcecode.swift; path = ProfileTableViewCell.swift; sourceTree = "<group>"; };
		A61519DEFC87F8128C63AE7E /* Pods-Baton.debug.xcconfig */ = {isa = PBXFileReference; includeInIndex = 1; lastKnownFileType = text.xcconfig; name = "Pods-Baton.debug.xcconfig"; path = "Pods/Target Support Files/Pods-Baton/Pods-Baton.debug.xcconfig"; sourceTree = "<group>"; };
		AC424CB7BCE6D08BB5DA0432 /* Pods-Baton.release.xcconfig */ = {isa = PBXFileReference; includeInIndex = 1; lastKnownFileType = text.xcconfig; name = "Pods-Baton.release.xcconfig"; path = "Pods/Target Support Files/Pods-Baton/Pods-Baton.release.xcconfig"; sourceTree = "<group>"; };
/* End PBXFileReference section */

/* Begin PBXFrameworksBuildPhase section */
		8EE04AC71BE299890040D5A5 /* Frameworks */ = {
			isa = PBXFrameworksBuildPhase;
			buildActionMask = 2147483647;
			files = (
				58FEA2CEC2F6ECCB5095338B /* Pods_Baton.framework in Frameworks */,
			);
			runOnlyForDeploymentPostprocessing = 0;
		};
		8EE04ADB1BE2998A0040D5A5 /* Frameworks */ = {
			isa = PBXFrameworksBuildPhase;
			buildActionMask = 2147483647;
			files = (
			);
			runOnlyForDeploymentPostprocessing = 0;
		};
		8EE04AE61BE2998A0040D5A5 /* Frameworks */ = {
			isa = PBXFrameworksBuildPhase;
			buildActionMask = 2147483647;
			files = (
			);
			runOnlyForDeploymentPostprocessing = 0;
		};
/* End PBXFrameworksBuildPhase section */

/* Begin PBXGroup section */
		61993B9FC3A7A0CC749A0065 /* Frameworks */ = {
			isa = PBXGroup;
			children = (
				2D3DEE78048E361BDFF5588A /* Pods_Baton.framework */,
			);
			name = Frameworks;
			sourceTree = "<group>";
		};
		8E0F19851C6C346700F7BC35 /* Feed */ = {
			isa = PBXGroup;
			children = (
				8EE04AFB1BE29A030040D5A5 /* FeedViewController.swift */,
				8E6A7DF91C8FD7430010BA42 /* FeaturedTableViewCell.swift */,
				8E0F198E1C7294EF00F7BC35 /* FeedSegmentedTableViewCell.swift */,
				8EE04AFD1BE29C3A0040D5A5 /* QuestionTableViewCell.swift */,
				8E6A7DFB1C8FE7620010BA42 /* FeaturedVideoViewController.swift */,
				8E4EB6C11C929245005B078D /* FeaturedPreviewTableViewCell.swift */,
			);
			name = Feed;
			sourceTree = "<group>";
		};
		8E146C6A1C656D2B00468A1C /* Following */ = {
			isa = PBXGroup;
			children = (
				8EB9456A1C498B3000FA01E2 /* FollowingViewController.swift */,
				8EB767711C921E2200FFD127 /* FollowingPreviewTableViewCell.swift */,
				8EB9456E1C49B00D00FA01E2 /* FollowingQuestionTableViewCell.swift */,
				8E146C5F1C5C334800468A1C /* FollowingSearchTableViewCell.swift */,
				8EB945721C53151100FA01E2 /* FollowHeaderTableViewCell.swift */,
			);
			name = Following;
			sourceTree = "<group>";
		};
		8E146C6B1C656D4900468A1C /* Profile */ = {
			isa = PBXGroup;
			children = (
				8EE04B231BE973500040D5A5 /* ProfileViewController.swift */,
				8EE04B251BE974630040D5A5 /* ProfileQuestionTableViewCell.swift */,
				8E9D70E81C1776860073CA17 /* ProfileRelayTableViewCell.swift */,
				8EE04B2D1BEABBD10040D5A5 /* ProfileTableViewCell.swift */,
				8EB945701C4DA46900FA01E2 /* ProfileLikedTableViewCell.swift */,
				8E4EB6C31C92A04F005B078D /* ProfileLikeTableViewCell.swift */,
				8EB945741C580F6000FA01E2 /* ProfileButtonsTableViewCell.swift */,
				8E146C681C62B5EE00468A1C /* WebViewController.swift */,
				8EB945641C487B1000FA01E2 /* UserListViewController.swift */,
				8EB945661C487BA000FA01E2 /* UserTableViewCell.swift */,
				8E146C5B1C5BE89200468A1C /* SettingsTableViewController.swift */,
				8E4EB6C51C94E3FF005B078D /* EditPushViewController.swift */,
				8E146C5D1C5BEE8500468A1C /* EditProfileTableViewController.swift */,
				8E146C611C5FE42D00468A1C /* ChangePasswordViewController.swift */,
				8E146C631C5FEFC800468A1C /* ChangeEmailViewController.swift */,
			);
			name = Profile;
			sourceTree = "<group>";
		};
		8E146C6C1C65756600468A1C /* Notification */ = {
			isa = PBXGroup;
			children = (
				8EE04B1D1BE95D7B0040D5A5 /* NotificationViewController.swift */,
				8EE04B1F1BE95F140040D5A5 /* NotificationAnswerTableViewCell.swift */,
				8EB945681C49820000FA01E2 /* NotificationLikedTableViewCell.swift */,
				8E146C591C5AC1FE00468A1C /* NotificationFollowTableViewCell.swift */,
				8E9D70E21C164A280073CA17 /* AnsweredQuestionViewController.swift */,
				8E9D70E41C164A920073CA17 /* AnsweredQuestionTableViewCell.swift */,
				8E9D70E61C167A960073CA17 /* MyQuestionTitleTableViewCell.swift */,
			);
			name = Notification;
			sourceTree = "<group>";
		};
		8E146C791C6BC3F100468A1C /* Onboarding */ = {
			isa = PBXGroup;
			children = (
				8E146C771C6BC25500468A1C /* Onboarding.storyboard */,
				8E146C751C6BBC1800468A1C /* OnboardingViewController.swift */,
				8E146C7A1C6BD3C400468A1C /* Onboarding1ViewController.swift */,
				8E146C7C1C6BE54900468A1C /* Onboarding2ViewController.swift */,
				8E146C8D1C6C043500468A1C /* Onboarding3ViewController.swift */,
				8E146C8F1C6C0C2100468A1C /* PushViewController.swift */,
			);
			name = Onboarding;
			sourceTree = "<group>";
		};
		8E4EB6C71C96224D005B078D /* AskQuestion */ = {
			isa = PBXGroup;
			children = (
				8EE04AFF1BE2A14F0040D5A5 /* AskQuestionViewController.swift */,
				8E0F198A1C725F3E00F7BC35 /* PickChannelViewController.swift */,
				8E0F198C1C72602800F7BC35 /* PickChannelTableViewCell.swift */,
				8E6A7DF71C8FBC160010BA42 /* AddTakeViewController.swift */,
			);
			name = AskQuestion;
			sourceTree = "<group>";
		};
		8E4EB6C81C962264005B078D /* Channels */ = {
			isa = PBXGroup;
			children = (
				8E0F19861C72590200F7BC35 /* ChannelViewController.swift */,
				8E0F19881C72596900F7BC35 /* ChannelTitleTableViewCell.swift */,
			);
			name = Channels;
			sourceTree = "<group>";
		};
		8E4EB6C91C9622A2005B078D /* TakeVideo */ = {
			isa = PBXGroup;
			children = (
				8E26344B1C0C3D5D002A65D0 /* TakeVideoViewController.swift */,
				8E146C6D1C69221400468A1C /* ShareVideoViewController.swift */,
			);
			name = TakeVideo;
			sourceTree = "<group>";
		};
		8E4EB6CA1C9622D2005B078D /* Videos */ = {
			isa = PBXGroup;
			children = (
				8EA960F51C110A3F00371C77 /* AnswersViewController.swift */,
				8EB767671C90E69B00FFD127 /* AnswerPreviewTableViewCell.swift */,
				8EA960F91C12277900371C77 /* QuestionTitleTableViewCell.swift */,
				8EB767691C90F03300FFD127 /* VideoViewController.swift */,
				8EB7676F1C9105E400FFD127 /* VideoPageViewController.swift */,
			);
			name = Videos;
			sourceTree = "<group>";
		};
		8EE04AC11BE299890040D5A5 = {
			isa = PBXGroup;
			children = (
				8EE04ACC1BE299890040D5A5 /* Baton */,
				8EE04AE11BE2998A0040D5A5 /* BatonTests */,
				8EE04AEC1BE2998A0040D5A5 /* BatonUITests */,
				8EE04ACB1BE299890040D5A5 /* Products */,
				F5F3DAD31272A775BCC1A478 /* Pods */,
				61993B9FC3A7A0CC749A0065 /* Frameworks */,
			);
			sourceTree = "<group>";
		};
		8EE04ACB1BE299890040D5A5 /* Products */ = {
			isa = PBXGroup;
			children = (
				8EE04ACA1BE299890040D5A5 /* Baton Test.app */,
				8EE04ADE1BE2998A0040D5A5 /* Baton.xctest */,
				8EE04AE91BE2998A0040D5A5 /* Baton.xctest */,
			);
			name = Products;
			sourceTree = "<group>";
		};
		8EE04ACC1BE299890040D5A5 /* Baton */ = {
			isa = PBXGroup;
			children = (
				8EE04ACD1BE2998A0040D5A5 /* AppDelegate.swift */,
				8E146C791C6BC3F100468A1C /* Onboarding */,
				8EE04B011BE2A6C10040D5A5 /* LogIn */,
				8E4EB6C81C962264005B078D /* Channels */,
				8E4EB6C71C96224D005B078D /* AskQuestion */,
				8E4EB6C91C9622A2005B078D /* TakeVideo */,
				8E4EB6CA1C9622D2005B078D /* Videos */,
				8E0F19851C6C346700F7BC35 /* Feed */,
				8E146C6A1C656D2B00468A1C /* Following */,
				8E146C6C1C65756600468A1C /* Notification */,
				8E146C6B1C656D4900468A1C /* Profile */,
				8E9D70EA1C17A0300073CA17 /* TabBarViewController.swift */,
				8EE04AD11BE2998A0040D5A5 /* Main.storyboard */,
				8EE04B1A1BE861FE0040D5A5 /* Models */,
				8EE04AD41BE2998A0040D5A5 /* Assets.xcassets */,
				8EE04AD61BE2998A0040D5A5 /* LaunchScreen.storyboard */,
				8EE04AD91BE2998A0040D5A5 /* Info.plist */,
			);
			path = Baton;
			sourceTree = "<group>";
		};
		8EE04AE11BE2998A0040D5A5 /* BatonTests */ = {
			isa = PBXGroup;
			children = (
				8EE04AE21BE2998A0040D5A5 /* QuestionSwiftProjectTests.swift */,
				8EE04AE41BE2998A0040D5A5 /* Info.plist */,
			);
			path = BatonTests;
			sourceTree = "<group>";
		};
		8EE04AEC1BE2998A0040D5A5 /* BatonUITests */ = {
			isa = PBXGroup;
			children = (
				8EE04AED1BE2998A0040D5A5 /* QuestionSwiftProjectUITests.swift */,
				8EE04AEF1BE2998A0040D5A5 /* Info.plist */,
			);
			path = BatonUITests;
			sourceTree = "<group>";
		};
		8EE04B011BE2A6C10040D5A5 /* LogIn */ = {
			isa = PBXGroup;
			children = (
				8EE04B021BE2A6E20040D5A5 /* LogIn.storyboard */,
				8EE04B041BE2A77D0040D5A5 /* StartViewController.swift */,
				8EAA26581CAC6FAC00FE5B86 /* PickSchoolTypeViewController.swift */,
				8EAA26561CAB5F9E00FE5B86 /* ConfirmSchoolViewController.swift */,
				8E1977941CB44E58005B05FF /* LockedSchoolViewController.swift */,
				8E1977961CB452A2005B05FF /* SuggestSchoolViewController.swift */,
				8EAA265C1CAD9B2200FE5B86 /* CollegeEmailViewController.swift */,
				8EAA265A1CAC9EF000FE5B86 /* SchoolTableViewCell.swift */,
				8E146C661C62900F00468A1C /* TwitterSignupViewController.swift */,
				8EE04B061BE2A7A30040D5A5 /* LogInViewController.swift */,
				8EE04B081BE2A7AD0040D5A5 /* SignUpViewController.swift */,
				8E146C551C5AA55500468A1C /* NameViewController.swift */,
				8E146C571C5AA55C00468A1C /* UsernameViewController.swift */,
			);
			name = LogIn;
			sourceTree = "<group>";
		};
		8EE04B1A1BE861FE0040D5A5 /* Models */ = {
			isa = PBXGroup;
			children = (
				8EB767731C924CA600FFD127 /* DismissAnimator.swift */,
				8EB767751C924F7E00FFD127 /* Interactor.swift */,
				8EE04B1B1BE862160040D5A5 /* Question.swift */,
				8EE04B291BEAA92F0040D5A5 /* Answer.swift */,
				8EE04B271BE97D6B0040D5A5 /* Notification.swift */,
			);
			name = Models;
			sourceTree = "<group>";
		};
		F5F3DAD31272A775BCC1A478 /* Pods */ = {
			isa = PBXGroup;
			children = (
				A61519DEFC87F8128C63AE7E /* Pods-Baton.debug.xcconfig */,
				AC424CB7BCE6D08BB5DA0432 /* Pods-Baton.release.xcconfig */,
			);
			name = Pods;
			sourceTree = "<group>";
		};
/* End PBXGroup section */

/* Begin PBXNativeTarget section */
		8EE04AC91BE299890040D5A5 /* Baton */ = {
			isa = PBXNativeTarget;
			buildConfigurationList = 8EE04AF21BE2998A0040D5A5 /* Build configuration list for PBXNativeTarget "Baton" */;
			buildPhases = (
				B02BCE0668541E8308B7BD06 /* Check Pods Manifest.lock */,
				8EE04AC61BE299890040D5A5 /* Sources */,
				8EE04AC71BE299890040D5A5 /* Frameworks */,
				8EE04AC81BE299890040D5A5 /* Resources */,
				8E146C651C61B3F400468A1C /* ShellScript */,
				569250C071F8C3CFCA1D28F1 /* Embed Pods Frameworks */,
				738C378F9B1D9A7958EF09BD /* Copy Pods Resources */,
			);
			buildRules = (
			);
			dependencies = (
			);
			name = Baton;
			productName = QuestionSwiftProject;
			productReference = 8EE04ACA1BE299890040D5A5 /* Baton Test.app */;
			productType = "com.apple.product-type.application";
		};
		8EE04ADD1BE2998A0040D5A5 /* BatonTests */ = {
			isa = PBXNativeTarget;
			buildConfigurationList = 8EE04AF51BE2998A0040D5A5 /* Build configuration list for PBXNativeTarget "BatonTests" */;
			buildPhases = (
				8EE04ADA1BE2998A0040D5A5 /* Sources */,
				8EE04ADB1BE2998A0040D5A5 /* Frameworks */,
				8EE04ADC1BE2998A0040D5A5 /* Resources */,
			);
			buildRules = (
			);
			dependencies = (
				8EE04AE01BE2998A0040D5A5 /* PBXTargetDependency */,
			);
			name = BatonTests;
			productName = QuestionSwiftProjectTests;
			productReference = 8EE04ADE1BE2998A0040D5A5 /* Baton.xctest */;
			productType = "com.apple.product-type.bundle.unit-test";
		};
		8EE04AE81BE2998A0040D5A5 /* BatonUITests */ = {
			isa = PBXNativeTarget;
			buildConfigurationList = 8EE04AF81BE2998A0040D5A5 /* Build configuration list for PBXNativeTarget "BatonUITests" */;
			buildPhases = (
				8EE04AE51BE2998A0040D5A5 /* Sources */,
				8EE04AE61BE2998A0040D5A5 /* Frameworks */,
				8EE04AE71BE2998A0040D5A5 /* Resources */,
			);
			buildRules = (
			);
			dependencies = (
				8EE04AEB1BE2998A0040D5A5 /* PBXTargetDependency */,
			);
			name = BatonUITests;
			productName = QuestionSwiftProjectUITests;
			productReference = 8EE04AE91BE2998A0040D5A5 /* Baton.xctest */;
			productType = "com.apple.product-type.bundle.ui-testing";
		};
/* End PBXNativeTarget section */

/* Begin PBXProject section */
		8EE04AC21BE299890040D5A5 /* Project object */ = {
			isa = PBXProject;
			attributes = {
				LastSwiftUpdateCheck = 0710;
				LastUpgradeCheck = 0710;
				ORGANIZATIONNAME = "Brian Endo";
				TargetAttributes = {
					8EE04AC91BE299890040D5A5 = {
						CreatedOnToolsVersion = 7.1;
						DevelopmentTeam = 87ULRSSW65;
						SystemCapabilities = {
							com.apple.BackgroundModes = {
								enabled = 1;
							};
							com.apple.Push = {
								enabled = 1;
							};
						};
					};
					8EE04ADD1BE2998A0040D5A5 = {
						CreatedOnToolsVersion = 7.1;
						TestTargetID = 8EE04AC91BE299890040D5A5;
					};
					8EE04AE81BE2998A0040D5A5 = {
						CreatedOnToolsVersion = 7.1;
						TestTargetID = 8EE04AC91BE299890040D5A5;
					};
				};
			};
			buildConfigurationList = 8EE04AC51BE299890040D5A5 /* Build configuration list for PBXProject "Baton" */;
			compatibilityVersion = "Xcode 3.2";
			developmentRegion = English;
			hasScannedForEncodings = 0;
			knownRegions = (
				en,
				Base,
			);
			mainGroup = 8EE04AC11BE299890040D5A5;
			productRefGroup = 8EE04ACB1BE299890040D5A5 /* Products */;
			projectDirPath = "";
			projectRoot = "";
			targets = (
				8EE04AC91BE299890040D5A5 /* Baton */,
				8EE04ADD1BE2998A0040D5A5 /* BatonTests */,
				8EE04AE81BE2998A0040D5A5 /* BatonUITests */,
			);
		};
/* End PBXProject section */

/* Begin PBXResourcesBuildPhase section */
		8EE04AC81BE299890040D5A5 /* Resources */ = {
			isa = PBXResourcesBuildPhase;
			buildActionMask = 2147483647;
			files = (
				8EE04B031BE2A6E20040D5A5 /* LogIn.storyboard in Resources */,
				8E146C781C6BC25500468A1C /* Onboarding.storyboard in Resources */,
				8EE04AD81BE2998A0040D5A5 /* LaunchScreen.storyboard in Resources */,
				8EE04AD51BE2998A0040D5A5 /* Assets.xcassets in Resources */,
				8EE04AD31BE2998A0040D5A5 /* Main.storyboard in Resources */,
			);
			runOnlyForDeploymentPostprocessing = 0;
		};
		8EE04ADC1BE2998A0040D5A5 /* Resources */ = {
			isa = PBXResourcesBuildPhase;
			buildActionMask = 2147483647;
			files = (
			);
			runOnlyForDeploymentPostprocessing = 0;
		};
		8EE04AE71BE2998A0040D5A5 /* Resources */ = {
			isa = PBXResourcesBuildPhase;
			buildActionMask = 2147483647;
			files = (
			);
			runOnlyForDeploymentPostprocessing = 0;
		};
/* End PBXResourcesBuildPhase section */

/* Begin PBXShellScriptBuildPhase section */
		569250C071F8C3CFCA1D28F1 /* Embed Pods Frameworks */ = {
			isa = PBXShellScriptBuildPhase;
			buildActionMask = 2147483647;
			files = (
			);
			inputPaths = (
			);
			name = "Embed Pods Frameworks";
			outputPaths = (
			);
			runOnlyForDeploymentPostprocessing = 0;
			shellPath = /bin/sh;
			shellScript = "\"${SRCROOT}/Pods/Target Support Files/Pods-Baton/Pods-Baton-frameworks.sh\"\n";
			showEnvVarsInLog = 0;
		};
		738C378F9B1D9A7958EF09BD /* Copy Pods Resources */ = {
			isa = PBXShellScriptBuildPhase;
			buildActionMask = 2147483647;
			files = (
			);
			inputPaths = (
			);
			name = "Copy Pods Resources";
			outputPaths = (
			);
			runOnlyForDeploymentPostprocessing = 0;
			shellPath = /bin/sh;
			shellScript = "\"${SRCROOT}/Pods/Target Support Files/Pods-Baton/Pods-Baton-resources.sh\"\n";
			showEnvVarsInLog = 0;
		};
		8E146C651C61B3F400468A1C /* ShellScript */ = {
			isa = PBXShellScriptBuildPhase;
			buildActionMask = 2147483647;
			files = (
			);
			inputPaths = (
			);
			outputPaths = (
			);
			runOnlyForDeploymentPostprocessing = 0;
			shellPath = /bin/sh;
			shellScript = "\"${PODS_ROOT}/Fabric/run\" f269197c225adc28566e1dd9b1c79c8f997d40c9 c9b3ac078db557b499a6efe5b87bb1ad2a1ef503a7d267000c44051079c37811";
		};
		B02BCE0668541E8308B7BD06 /* Check Pods Manifest.lock */ = {
			isa = PBXShellScriptBuildPhase;
			buildActionMask = 2147483647;
			files = (
			);
			inputPaths = (
			);
			name = "Check Pods Manifest.lock";
			outputPaths = (
			);
			runOnlyForDeploymentPostprocessing = 0;
			shellPath = /bin/sh;
			shellScript = "diff \"${PODS_ROOT}/../Podfile.lock\" \"${PODS_ROOT}/Manifest.lock\" > /dev/null\nif [[ $? != 0 ]] ; then\n    cat << EOM\nerror: The sandbox is not in sync with the Podfile.lock. Run 'pod install' or update your CocoaPods installation.\nEOM\n    exit 1\nfi\n";
			showEnvVarsInLog = 0;
		};
/* End PBXShellScriptBuildPhase section */

/* Begin PBXSourcesBuildPhase section */
		8EE04AC61BE299890040D5A5 /* Sources */ = {
			isa = PBXSourcesBuildPhase;
			buildActionMask = 2147483647;
			files = (
				8E146C8E1C6C043500468A1C /* Onboarding3ViewController.swift in Sources */,
				8EB945751C580F6000FA01E2 /* ProfileButtonsTableViewCell.swift in Sources */,
				8E1977951CB44E58005B05FF /* LockedSchoolViewController.swift in Sources */,
				8E0F19891C72596900F7BC35 /* ChannelTitleTableViewCell.swift in Sources */,
				8EE04B051BE2A77D0040D5A5 /* StartViewController.swift in Sources */,
				8EE04B1C1BE862160040D5A5 /* Question.swift in Sources */,
				8E9D70E51C164A920073CA17 /* AnsweredQuestionTableViewCell.swift in Sources */,
				8EAA265D1CAD9B2200FE5B86 /* CollegeEmailViewController.swift in Sources */,
				8EB767761C924F7E00FFD127 /* Interactor.swift in Sources */,
				8EB945711C4DA46900FA01E2 /* ProfileLikedTableViewCell.swift in Sources */,
				8EE04B241BE973500040D5A5 /* ProfileViewController.swift in Sources */,
				8E146C581C5AA55C00468A1C /* UsernameViewController.swift in Sources */,
				8EB945691C49820100FA01E2 /* NotificationLikedTableViewCell.swift in Sources */,
				8EE04B201BE95F140040D5A5 /* NotificationAnswerTableViewCell.swift in Sources */,
				8EE04B091BE2A7AD0040D5A5 /* SignUpViewController.swift in Sources */,
				8EE04B281BE97D6B0040D5A5 /* Notification.swift in Sources */,
				8EE04B2A1BEAA92F0040D5A5 /* Answer.swift in Sources */,
				8E146C5E1C5BEE8500468A1C /* EditProfileTableViewController.swift in Sources */,
				8E0F198D1C72602800F7BC35 /* PickChannelTableViewCell.swift in Sources */,
				8E146C5A1C5AC1FE00468A1C /* NotificationFollowTableViewCell.swift in Sources */,
				8EB767681C90E69B00FFD127 /* AnswerPreviewTableViewCell.swift in Sources */,
				8E146C641C5FEFC800468A1C /* ChangeEmailViewController.swift in Sources */,
				8E146C5C1C5BE89200468A1C /* SettingsTableViewController.swift in Sources */,
				8EB767701C9105E400FFD127 /* VideoPageViewController.swift in Sources */,
				8E146C901C6C0C2200468A1C /* PushViewController.swift in Sources */,
				8EAA26591CAC6FAC00FE5B86 /* PickSchoolTypeViewController.swift in Sources */,
				8E0F198F1C7294EF00F7BC35 /* FeedSegmentedTableViewCell.swift in Sources */,
				8EA960F61C110A3F00371C77 /* AnswersViewController.swift in Sources */,
				8EE04B001BE2A14F0040D5A5 /* AskQuestionViewController.swift in Sources */,
				8EA960FA1C12277900371C77 /* QuestionTitleTableViewCell.swift in Sources */,
				8EB767721C921E2200FFD127 /* FollowingPreviewTableViewCell.swift in Sources */,
				8E6A7DFC1C8FE7620010BA42 /* FeaturedVideoViewController.swift in Sources */,
				8E9D70E71C167A960073CA17 /* MyQuestionTitleTableViewCell.swift in Sources */,
				8EAA265B1CAC9EF000FE5B86 /* SchoolTableViewCell.swift in Sources */,
				8EE04B071BE2A7A30040D5A5 /* LogInViewController.swift in Sources */,
				8E4EB6C41C92A04F005B078D /* ProfileLikeTableViewCell.swift in Sources */,
				8E26344C1C0C3D5D002A65D0 /* TakeVideoViewController.swift in Sources */,
				8E1977971CB452A2005B05FF /* SuggestSchoolViewController.swift in Sources */,
				8EB767741C924CA700FFD127 /* DismissAnimator.swift in Sources */,
				8EB9456B1C498B3000FA01E2 /* FollowingViewController.swift in Sources */,
				8EE04B261BE974630040D5A5 /* ProfileQuestionTableViewCell.swift in Sources */,
				8EB945671C487BA000FA01E2 /* UserTableViewCell.swift in Sources */,
				8E146C761C6BBC1B00468A1C /* OnboardingViewController.swift in Sources */,
				8E6A7DFA1C8FD7430010BA42 /* FeaturedTableViewCell.swift in Sources */,
				8E9D70EB1C17A0300073CA17 /* TabBarViewController.swift in Sources */,
				8EB7676A1C90F03300FFD127 /* VideoViewController.swift in Sources */,
				8E146C7B1C6BD3C500468A1C /* Onboarding1ViewController.swift in Sources */,
				8E6A7DF81C8FBC160010BA42 /* AddTakeViewController.swift in Sources */,
				8E146C7D1C6BE54A00468A1C /* Onboarding2ViewController.swift in Sources */,
				8E146C691C62B5EE00468A1C /* WebViewController.swift in Sources */,
				8E146C671C62901000468A1C /* TwitterSignupViewController.swift in Sources */,
				8E146C621C5FE42D00468A1C /* ChangePasswordViewController.swift in Sources */,
				8E4EB6C61C94E3FF005B078D /* EditPushViewController.swift in Sources */,
				8E0F198B1C725F3F00F7BC35 /* PickChannelViewController.swift in Sources */,
				8E146C6E1C69221400468A1C /* ShareVideoViewController.swift in Sources */,
				8E146C561C5AA55500468A1C /* NameViewController.swift in Sources */,
				8E9D70E91C1776860073CA17 /* ProfileRelayTableViewCell.swift in Sources */,
				8EB945731C53151200FA01E2 /* FollowHeaderTableViewCell.swift in Sources */,
				8EE04B1E1BE95D7B0040D5A5 /* NotificationViewController.swift in Sources */,
				8E146C601C5C334800468A1C /* FollowingSearchTableViewCell.swift in Sources */,
				8EE04AFE1BE29C3A0040D5A5 /* QuestionTableViewCell.swift in Sources */,
				8EAA26571CAB5F9E00FE5B86 /* ConfirmSchoolViewController.swift in Sources */,
				8E4EB6C21C929245005B078D /* FeaturedPreviewTableViewCell.swift in Sources */,
				8EE04AFC1BE29A030040D5A5 /* FeedViewController.swift in Sources */,
				8E0F19871C72590200F7BC35 /* ChannelViewController.swift in Sources */,
				8EE04ACE1BE2998A0040D5A5 /* AppDelegate.swift in Sources */,
				8EB9456F1C49B00D00FA01E2 /* FollowingQuestionTableViewCell.swift in Sources */,
				8EB945651C487B1100FA01E2 /* UserListViewController.swift in Sources */,
				8EE04B2E1BEABBD10040D5A5 /* ProfileTableViewCell.swift in Sources */,
				8E9D70E31C164A280073CA17 /* AnsweredQuestionViewController.swift in Sources */,
			);
			runOnlyForDeploymentPostprocessing = 0;
		};
		8EE04ADA1BE2998A0040D5A5 /* Sources */ = {
			isa = PBXSourcesBuildPhase;
			buildActionMask = 2147483647;
			files = (
				8EE04AE31BE2998A0040D5A5 /* QuestionSwiftProjectTests.swift in Sources */,
			);
			runOnlyForDeploymentPostprocessing = 0;
		};
		8EE04AE51BE2998A0040D5A5 /* Sources */ = {
			isa = PBXSourcesBuildPhase;
			buildActionMask = 2147483647;
			files = (
				8EE04AEE1BE2998A0040D5A5 /* QuestionSwiftProjectUITests.swift in Sources */,
			);
			runOnlyForDeploymentPostprocessing = 0;
		};
/* End PBXSourcesBuildPhase section */

/* Begin PBXTargetDependency section */
		8EE04AE01BE2998A0040D5A5 /* PBXTargetDependency */ = {
			isa = PBXTargetDependency;
			target = 8EE04AC91BE299890040D5A5 /* Baton */;
			targetProxy = 8EE04ADF1BE2998A0040D5A5 /* PBXContainerItemProxy */;
		};
		8EE04AEB1BE2998A0040D5A5 /* PBXTargetDependency */ = {
			isa = PBXTargetDependency;
			target = 8EE04AC91BE299890040D5A5 /* Baton */;
			targetProxy = 8EE04AEA1BE2998A0040D5A5 /* PBXContainerItemProxy */;
		};
/* End PBXTargetDependency section */

/* Begin PBXVariantGroup section */
		8EE04AD11BE2998A0040D5A5 /* Main.storyboard */ = {
			isa = PBXVariantGroup;
			children = (
				8EE04AD21BE2998A0040D5A5 /* Base */,
			);
			name = Main.storyboard;
			sourceTree = "<group>";
		};
		8EE04AD61BE2998A0040D5A5 /* LaunchScreen.storyboard */ = {
			isa = PBXVariantGroup;
			children = (
				8EE04AD71BE2998A0040D5A5 /* Base */,
			);
			name = LaunchScreen.storyboard;
			sourceTree = "<group>";
		};
/* End PBXVariantGroup section */

/* Begin XCBuildConfiguration section */
		8EE04AF01BE2998A0040D5A5 /* Debug */ = {
			isa = XCBuildConfiguration;
			buildSettings = {
				ALWAYS_SEARCH_USER_PATHS = NO;
				CLANG_CXX_LANGUAGE_STANDARD = "gnu++0x";
				CLANG_CXX_LIBRARY = "libc++";
				CLANG_ENABLE_MODULES = YES;
				CLANG_ENABLE_OBJC_ARC = YES;
				CLANG_WARN_BOOL_CONVERSION = YES;
				CLANG_WARN_CONSTANT_CONVERSION = YES;
				CLANG_WARN_DIRECT_OBJC_ISA_USAGE = YES_ERROR;
				CLANG_WARN_EMPTY_BODY = YES;
				CLANG_WARN_ENUM_CONVERSION = YES;
				CLANG_WARN_INT_CONVERSION = YES;
				CLANG_WARN_OBJC_ROOT_CLASS = YES_ERROR;
				CLANG_WARN_UNREACHABLE_CODE = YES;
				CLANG_WARN__DUPLICATE_METHOD_MATCH = YES;
				"CODE_SIGN_IDENTITY[sdk=iphoneos*]" = "iPhone Developer";
				COPY_PHASE_STRIP = NO;
				DEBUG_INFORMATION_FORMAT = dwarf;
				ENABLE_STRICT_OBJC_MSGSEND = YES;
				ENABLE_TESTABILITY = YES;
				GCC_C_LANGUAGE_STANDARD = gnu99;
				GCC_DYNAMIC_NO_PIC = NO;
				GCC_NO_COMMON_BLOCKS = YES;
				GCC_OPTIMIZATION_LEVEL = 0;
				GCC_PREPROCESSOR_DEFINITIONS = (
					"DEBUG=1",
					"$(inherited)",
				);
				GCC_WARN_64_TO_32_BIT_CONVERSION = YES;
				GCC_WARN_ABOUT_RETURN_TYPE = YES_ERROR;
				GCC_WARN_UNDECLARED_SELECTOR = YES;
				GCC_WARN_UNINITIALIZED_AUTOS = YES_AGGRESSIVE;
				GCC_WARN_UNUSED_FUNCTION = YES;
				GCC_WARN_UNUSED_VARIABLE = YES;
				IPHONEOS_DEPLOYMENT_TARGET = 9.1;
				MTL_ENABLE_DEBUG_INFO = YES;
				ONLY_ACTIVE_ARCH = YES;
				SDKROOT = iphoneos;
				SWIFT_OPTIMIZATION_LEVEL = "-Onone";
				TARGETED_DEVICE_FAMILY = "1,2";
			};
			name = Debug;
		};
		8EE04AF11BE2998A0040D5A5 /* Release */ = {
			isa = XCBuildConfiguration;
			buildSettings = {
				ALWAYS_SEARCH_USER_PATHS = NO;
				CLANG_CXX_LANGUAGE_STANDARD = "gnu++0x";
				CLANG_CXX_LIBRARY = "libc++";
				CLANG_ENABLE_MODULES = YES;
				CLANG_ENABLE_OBJC_ARC = YES;
				CLANG_WARN_BOOL_CONVERSION = YES;
				CLANG_WARN_CONSTANT_CONVERSION = YES;
				CLANG_WARN_DIRECT_OBJC_ISA_USAGE = YES_ERROR;
				CLANG_WARN_EMPTY_BODY = YES;
				CLANG_WARN_ENUM_CONVERSION = YES;
				CLANG_WARN_INT_CONVERSION = YES;
				CLANG_WARN_OBJC_ROOT_CLASS = YES_ERROR;
				CLANG_WARN_UNREACHABLE_CODE = YES;
				CLANG_WARN__DUPLICATE_METHOD_MATCH = YES;
				"CODE_SIGN_IDENTITY[sdk=iphoneos*]" = "iPhone Developer";
				COPY_PHASE_STRIP = NO;
				DEBUG_INFORMATION_FORMAT = "dwarf-with-dsym";
				ENABLE_NS_ASSERTIONS = NO;
				ENABLE_STRICT_OBJC_MSGSEND = YES;
				GCC_C_LANGUAGE_STANDARD = gnu99;
				GCC_NO_COMMON_BLOCKS = YES;
				GCC_WARN_64_TO_32_BIT_CONVERSION = YES;
				GCC_WARN_ABOUT_RETURN_TYPE = YES_ERROR;
				GCC_WARN_UNDECLARED_SELECTOR = YES;
				GCC_WARN_UNINITIALIZED_AUTOS = YES_AGGRESSIVE;
				GCC_WARN_UNUSED_FUNCTION = YES;
				GCC_WARN_UNUSED_VARIABLE = YES;
				IPHONEOS_DEPLOYMENT_TARGET = 9.1;
				MTL_ENABLE_DEBUG_INFO = NO;
				SDKROOT = iphoneos;
				TARGETED_DEVICE_FAMILY = "1,2";
				VALIDATE_PRODUCT = YES;
			};
			name = Release;
		};
		8EE04AF31BE2998A0040D5A5 /* Debug */ = {
			isa = XCBuildConfiguration;
			baseConfigurationReference = A61519DEFC87F8128C63AE7E /* Pods-Baton.debug.xcconfig */;
			buildSettings = {
				ASSETCATALOG_COMPILER_APPICON_NAME = AppIcon;
				CODE_SIGN_IDENTITY = "iPhone Developer";
				"CODE_SIGN_IDENTITY[sdk=iphoneos*]" = "iPhone Developer";
				DEBUG_INFORMATION_FORMAT = "dwarf-with-dsym";
				INFOPLIST_FILE = Baton/Info.plist;
				IPHONEOS_DEPLOYMENT_TARGET = 8.0;
				LD_RUNPATH_SEARCH_PATHS = "$(inherited) @executable_path/Frameworks";
				PRODUCT_BUNDLE_IDENTIFIER = "io.thoughtless.Baton-test";
				PRODUCT_NAME = "Baton Test";
				PROVISIONING_PROFILE = "";
				TARGETED_DEVICE_FAMILY = 1;
			};
			name = Debug;
		};
		8EE04AF41BE2998A0040D5A5 /* Release */ = {
			isa = XCBuildConfiguration;
			baseConfigurationReference = AC424CB7BCE6D08BB5DA0432 /* Pods-Baton.release.xcconfig */;
			buildSettings = {
				ASSETCATALOG_COMPILER_APPICON_NAME = AppIcon;
				CODE_SIGN_IDENTITY = "iPhone Developer";
				"CODE_SIGN_IDENTITY[sdk=iphoneos*]" = "iPhone Developer";
				INFOPLIST_FILE = Baton/Info.plist;
				IPHONEOS_DEPLOYMENT_TARGET = 8.0;
				LD_RUNPATH_SEARCH_PATHS = "$(inherited) @executable_path/Frameworks";
				PRODUCT_BUNDLE_IDENTIFIER = io.thoughtless.Baton;
				PRODUCT_NAME = Baton;
				PROVISIONING_PROFILE = "";
				TARGETED_DEVICE_FAMILY = 1;
			};
			name = Release;
		};
		8EE04AF61BE2998A0040D5A5 /* Debug */ = {
			isa = XCBuildConfiguration;
			buildSettings = {
				BUNDLE_LOADER = "$(TEST_HOST)";
				INFOPLIST_FILE = QuestionSwiftProjectTests/Info.plist;
				LD_RUNPATH_SEARCH_PATHS = "$(inherited) @executable_path/Frameworks @loader_path/Frameworks";
				PRODUCT_BUNDLE_IDENTIFIER = com.brianendo.QuestionSwiftProjectTests;
				PRODUCT_NAME = Baton;
				TEST_HOST = "$(BUILT_PRODUCTS_DIR)/Baton.app/Baton";
			};
			name = Debug;
		};
		8EE04AF71BE2998A0040D5A5 /* Release */ = {
			isa = XCBuildConfiguration;
			buildSettings = {
				BUNDLE_LOADER = "$(TEST_HOST)";
				INFOPLIST_FILE = QuestionSwiftProjectTests/Info.plist;
				LD_RUNPATH_SEARCH_PATHS = "$(inherited) @executable_path/Frameworks @loader_path/Frameworks";
				PRODUCT_BUNDLE_IDENTIFIER = com.brianendo.QuestionSwiftProjectTests;
				PRODUCT_NAME = Baton;
				TEST_HOST = "$(BUILT_PRODUCTS_DIR)/Baton.app/Baton";
			};
			name = Release;
		};
		8EE04AF91BE2998A0040D5A5 /* Debug */ = {
			isa = XCBuildConfiguration;
			buildSettings = {
				INFOPLIST_FILE = QuestionSwiftProjectUITests/Info.plist;
				LD_RUNPATH_SEARCH_PATHS = "$(inherited) @executable_path/Frameworks @loader_path/Frameworks";
				PRODUCT_BUNDLE_IDENTIFIER = com.brianendo.QuestionSwiftProjectUITests;
				PRODUCT_NAME = Baton;
				TEST_TARGET_NAME = QuestionSwiftProject;
				USES_XCTRUNNER = YES;
			};
			name = Debug;
		};
		8EE04AFA1BE2998A0040D5A5 /* Release */ = {
			isa = XCBuildConfiguration;
			buildSettings = {
				INFOPLIST_FILE = QuestionSwiftProjectUITests/Info.plist;
				LD_RUNPATH_SEARCH_PATHS = "$(inherited) @executable_path/Frameworks @loader_path/Frameworks";
				PRODUCT_BUNDLE_IDENTIFIER = com.brianendo.QuestionSwiftProjectUITests;
				PRODUCT_NAME = Baton;
				TEST_TARGET_NAME = QuestionSwiftProject;
				USES_XCTRUNNER = YES;
			};
			name = Release;
		};
/* End XCBuildConfiguration section */

/* Begin XCConfigurationList section */
		8EE04AC51BE299890040D5A5 /* Build configuration list for PBXProject "Baton" */ = {
			isa = XCConfigurationList;
			buildConfigurations = (
				8EE04AF01BE2998A0040D5A5 /* Debug */,
				8EE04AF11BE2998A0040D5A5 /* Release */,
			);
			defaultConfigurationIsVisible = 0;
			defaultConfigurationName = Release;
		};
		8EE04AF21BE2998A0040D5A5 /* Build configuration list for PBXNativeTarget "Baton" */ = {
			isa = XCConfigurationList;
			buildConfigurations = (
				8EE04AF31BE2998A0040D5A5 /* Debug */,
				8EE04AF41BE2998A0040D5A5 /* Release */,
			);
			defaultConfigurationIsVisible = 0;
			defaultConfigurationName = Release;
		};
		8EE04AF51BE2998A0040D5A5 /* Build configuration list for PBXNativeTarget "BatonTests" */ = {
			isa = XCConfigurationList;
			buildConfigurations = (
				8EE04AF61BE2998A0040D5A5 /* Debug */,
				8EE04AF71BE2998A0040D5A5 /* Release */,
			);
			defaultConfigurationIsVisible = 0;
			defaultConfigurationName = Release;
		};
		8EE04AF81BE2998A0040D5A5 /* Build configuration list for PBXNativeTarget "BatonUITests" */ = {
			isa = XCConfigurationList;
			buildConfigurations = (
				8EE04AF91BE2998A0040D5A5 /* Debug */,
				8EE04AFA1BE2998A0040D5A5 /* Release */,
			);
			defaultConfigurationIsVisible = 0;
			defaultConfigurationName = Release;
		};
/* End XCConfigurationList section */
	};
	rootObject = 8EE04AC21BE299890040D5A5 /* Project object */;
}
