// !$*UTF8*$!
{
	archiveVersion = 1;
	classes = {
	};
	objectVersion = 46;
	objects = {

/* Begin PBXBuildFile section */
		737F801A87D842976BF544B6 /* Pods_QuestionSwiftProject.framework in Frameworks */ = {isa = PBXBuildFile; fileRef = FC64B4535E956C1D5A2CC75A /* Pods_QuestionSwiftProject.framework */; };
		8E26344C1C0C3D5D002A65D0 /* TakeVideoViewController.swift in Sources */ = {isa = PBXBuildFile; fileRef = 8E26344B1C0C3D5D002A65D0 /* TakeVideoViewController.swift */; };
		8E9D70E31C164A280073CA17 /* AnsweredQuestionViewController.swift in Sources */ = {isa = PBXBuildFile; fileRef = 8E9D70E21C164A280073CA17 /* AnsweredQuestionViewController.swift */; };
		8E9D70E51C164A920073CA17 /* AnsweredQuestionTableViewCell.swift in Sources */ = {isa = PBXBuildFile; fileRef = 8E9D70E41C164A920073CA17 /* AnsweredQuestionTableViewCell.swift */; };
		8E9D70E71C167A960073CA17 /* MyQuestionTitleTableViewCell.swift in Sources */ = {isa = PBXBuildFile; fileRef = 8E9D70E61C167A960073CA17 /* MyQuestionTitleTableViewCell.swift */; };
		8E9D70E91C1776860073CA17 /* ProfileRelayTableViewCell.swift in Sources */ = {isa = PBXBuildFile; fileRef = 8E9D70E81C1776860073CA17 /* ProfileRelayTableViewCell.swift */; };
		8E9D70EB1C17A0300073CA17 /* TabBarViewController.swift in Sources */ = {isa = PBXBuildFile; fileRef = 8E9D70EA1C17A0300073CA17 /* TabBarViewController.swift */; };
		8E9D70ED1C1A65350073CA17 /* ProfileSegmentedTableViewCell.swift in Sources */ = {isa = PBXBuildFile; fileRef = 8E9D70EC1C1A65350073CA17 /* ProfileSegmentedTableViewCell.swift */; };
		8EA960F61C110A3F00371C77 /* AnswersViewController.swift in Sources */ = {isa = PBXBuildFile; fileRef = 8EA960F51C110A3F00371C77 /* AnswersViewController.swift */; };
		8EA960F81C11185A00371C77 /* AnswerTableViewCell.swift in Sources */ = {isa = PBXBuildFile; fileRef = 8EA960F71C11185A00371C77 /* AnswerTableViewCell.swift */; };
		8EA960FA1C12277900371C77 /* QuestionTitleTableViewCell.swift in Sources */ = {isa = PBXBuildFile; fileRef = 8EA960F91C12277900371C77 /* QuestionTitleTableViewCell.swift */; };
		8EE04ACE1BE2998A0040D5A5 /* AppDelegate.swift in Sources */ = {isa = PBXBuildFile; fileRef = 8EE04ACD1BE2998A0040D5A5 /* AppDelegate.swift */; };
		8EE04AD31BE2998A0040D5A5 /* Main.storyboard in Resources */ = {isa = PBXBuildFile; fileRef = 8EE04AD11BE2998A0040D5A5 /* Main.storyboard */; };
		8EE04AD51BE2998A0040D5A5 /* Assets.xcassets in Resources */ = {isa = PBXBuildFile; fileRef = 8EE04AD41BE2998A0040D5A5 /* Assets.xcassets */; };
		8EE04AD81BE2998A0040D5A5 /* LaunchScreen.storyboard in Resources */ = {isa = PBXBuildFile; fileRef = 8EE04AD61BE2998A0040D5A5 /* LaunchScreen.storyboard */; };
		8EE04AE31BE2998A0040D5A5 /* QuestionSwiftProjectTests.swift in Sources */ = {isa = PBXBuildFile; fileRef = 8EE04AE21BE2998A0040D5A5 /* QuestionSwiftProjectTests.swift */; };
		8EE04AEE1BE2998A0040D5A5 /* QuestionSwiftProjectUITests.swift in Sources */ = {isa = PBXBuildFile; fileRef = 8EE04AED1BE2998A0040D5A5 /* QuestionSwiftProjectUITests.swift */; };
		8EE04AFC1BE29A030040D5A5 /* FeedViewController.swift in Sources */ = {isa = PBXBuildFile; fileRef = 8EE04AFB1BE29A030040D5A5 /* FeedViewController.swift */; };
		8EE04AFE1BE29C3A0040D5A5 /* QuestionTableViewCell.swift in Sources */ = {isa = PBXBuildFile; fileRef = 8EE04AFD1BE29C3A0040D5A5 /* QuestionTableViewCell.swift */; };
		8EE04B001BE2A14F0040D5A5 /* AskQuestionViewController.swift in Sources */ = {isa = PBXBuildFile; fileRef = 8EE04AFF1BE2A14F0040D5A5 /* AskQuestionViewController.swift */; };
		8EE04B031BE2A6E20040D5A5 /* LogIn.storyboard in Resources */ = {isa = PBXBuildFile; fileRef = 8EE04B021BE2A6E20040D5A5 /* LogIn.storyboard */; };
		8EE04B051BE2A77D0040D5A5 /* StartViewController.swift in Sources */ = {isa = PBXBuildFile; fileRef = 8EE04B041BE2A77D0040D5A5 /* StartViewController.swift */; };
		8EE04B071BE2A7A30040D5A5 /* LogInViewController.swift in Sources */ = {isa = PBXBuildFile; fileRef = 8EE04B061BE2A7A30040D5A5 /* LogInViewController.swift */; };
		8EE04B091BE2A7AD0040D5A5 /* SignUpViewController.swift in Sources */ = {isa = PBXBuildFile; fileRef = 8EE04B081BE2A7AD0040D5A5 /* SignUpViewController.swift */; };
		8EE04B1C1BE862160040D5A5 /* Question.swift in Sources */ = {isa = PBXBuildFile; fileRef = 8EE04B1B1BE862160040D5A5 /* Question.swift */; };
		8EE04B1E1BE95D7B0040D5A5 /* NotificationViewController.swift in Sources */ = {isa = PBXBuildFile; fileRef = 8EE04B1D1BE95D7B0040D5A5 /* NotificationViewController.swift */; };
		8EE04B201BE95F140040D5A5 /* NotificationAnswerTableViewCell.swift in Sources */ = {isa = PBXBuildFile; fileRef = 8EE04B1F1BE95F140040D5A5 /* NotificationAnswerTableViewCell.swift */; };
		8EE04B241BE973500040D5A5 /* ProfileViewController.swift in Sources */ = {isa = PBXBuildFile; fileRef = 8EE04B231BE973500040D5A5 /* ProfileViewController.swift */; };
		8EE04B261BE974630040D5A5 /* ProfileQuestionTableViewCell.swift in Sources */ = {isa = PBXBuildFile; fileRef = 8EE04B251BE974630040D5A5 /* ProfileQuestionTableViewCell.swift */; };
		8EE04B281BE97D6B0040D5A5 /* Notification.swift in Sources */ = {isa = PBXBuildFile; fileRef = 8EE04B271BE97D6B0040D5A5 /* Notification.swift */; };
		8EE04B2A1BEAA92F0040D5A5 /* Answer.swift in Sources */ = {isa = PBXBuildFile; fileRef = 8EE04B291BEAA92F0040D5A5 /* Answer.swift */; };
		8EE04B2E1BEABBD10040D5A5 /* ProfileTableViewCell.swift in Sources */ = {isa = PBXBuildFile; fileRef = 8EE04B2D1BEABBD10040D5A5 /* ProfileTableViewCell.swift */; };
/* End PBXBuildFile section */

/* Begin PBXContainerItemProxy section */
		8EE04ADF1BE2998A0040D5A5 /* PBXContainerItemProxy */ = {
			isa = PBXContainerItemProxy;
			containerPortal = 8EE04AC21BE299890040D5A5 /* Project object */;
			proxyType = 1;
			remoteGlobalIDString = 8EE04AC91BE299890040D5A5;
			remoteInfo = QuestionSwiftProject;
		};
		8EE04AEA1BE2998A0040D5A5 /* PBXContainerItemProxy */ = {
			isa = PBXContainerItemProxy;
			containerPortal = 8EE04AC21BE299890040D5A5 /* Project object */;
			proxyType = 1;
			remoteGlobalIDString = 8EE04AC91BE299890040D5A5;
			remoteInfo = QuestionSwiftProject;
		};
/* End PBXContainerItemProxy section */

/* Begin PBXFileReference section */
		78B84539228AC17ECF09216E /* Pods-QuestionSwiftProject.debug.xcconfig */ = {isa = PBXFileReference; includeInIndex = 1; lastKnownFileType = text.xcconfig; name = "Pods-QuestionSwiftProject.debug.xcconfig"; path = "Pods/Target Support Files/Pods-QuestionSwiftProject/Pods-QuestionSwiftProject.debug.xcconfig"; sourceTree = "<group>"; };
		8E26344B1C0C3D5D002A65D0 /* TakeVideoViewController.swift */ = {isa = PBXFileReference; fileEncoding = 4; lastKnownFileType = sourcecode.swift; path = TakeVideoViewController.swift; sourceTree = "<group>"; };
		8E9D70E21C164A280073CA17 /* AnsweredQuestionViewController.swift */ = {isa = PBXFileReference; fileEncoding = 4; lastKnownFileType = sourcecode.swift; path = AnsweredQuestionViewController.swift; sourceTree = "<group>"; };
		8E9D70E41C164A920073CA17 /* AnsweredQuestionTableViewCell.swift */ = {isa = PBXFileReference; fileEncoding = 4; lastKnownFileType = sourcecode.swift; path = AnsweredQuestionTableViewCell.swift; sourceTree = "<group>"; };
		8E9D70E61C167A960073CA17 /* MyQuestionTitleTableViewCell.swift */ = {isa = PBXFileReference; fileEncoding = 4; lastKnownFileType = sourcecode.swift; path = MyQuestionTitleTableViewCell.swift; sourceTree = "<group>"; };
		8E9D70E81C1776860073CA17 /* ProfileRelayTableViewCell.swift */ = {isa = PBXFileReference; fileEncoding = 4; lastKnownFileType = sourcecode.swift; path = ProfileRelayTableViewCell.swift; sourceTree = "<group>"; };
		8E9D70EA1C17A0300073CA17 /* TabBarViewController.swift */ = {isa = PBXFileReference; fileEncoding = 4; lastKnownFileType = sourcecode.swift; path = TabBarViewController.swift; sourceTree = "<group>"; };
		8E9D70EC1C1A65350073CA17 /* ProfileSegmentedTableViewCell.swift */ = {isa = PBXFileReference; fileEncoding = 4; lastKnownFileType = sourcecode.swift; path = ProfileSegmentedTableViewCell.swift; sourceTree = "<group>"; };
		8EA960F51C110A3F00371C77 /* AnswersViewController.swift */ = {isa = PBXFileReference; fileEncoding = 4; lastKnownFileType = sourcecode.swift; path = AnswersViewController.swift; sourceTree = "<group>"; };
		8EA960F71C11185A00371C77 /* AnswerTableViewCell.swift */ = {isa = PBXFileReference; fileEncoding = 4; lastKnownFileType = sourcecode.swift; path = AnswerTableViewCell.swift; sourceTree = "<group>"; };
		8EA960F91C12277900371C77 /* QuestionTitleTableViewCell.swift */ = {isa = PBXFileReference; fileEncoding = 4; lastKnownFileType = sourcecode.swift; path = QuestionTitleTableViewCell.swift; sourceTree = "<group>"; };
		8EE04ACA1BE299890040D5A5 /* QuestionSwiftProject.app */ = {isa = PBXFileReference; explicitFileType = wrapper.application; includeInIndex = 0; path = QuestionSwiftProject.app; sourceTree = BUILT_PRODUCTS_DIR; };
		8EE04ACD1BE2998A0040D5A5 /* AppDelegate.swift */ = {isa = PBXFileReference; lastKnownFileType = sourcecode.swift; path = AppDelegate.swift; sourceTree = "<group>"; };
		8EE04AD21BE2998A0040D5A5 /* Base */ = {isa = PBXFileReference; lastKnownFileType = file.storyboard; name = Base; path = Base.lproj/Main.storyboard; sourceTree = "<group>"; };
		8EE04AD41BE2998A0040D5A5 /* Assets.xcassets */ = {isa = PBXFileReference; lastKnownFileType = folder.assetcatalog; path = Assets.xcassets; sourceTree = "<group>"; };
		8EE04AD71BE2998A0040D5A5 /* Base */ = {isa = PBXFileReference; lastKnownFileType = file.storyboard; name = Base; path = Base.lproj/LaunchScreen.storyboard; sourceTree = "<group>"; };
		8EE04AD91BE2998A0040D5A5 /* Info.plist */ = {isa = PBXFileReference; lastKnownFileType = text.plist.xml; path = Info.plist; sourceTree = "<group>"; };
		8EE04ADE1BE2998A0040D5A5 /* QuestionSwiftProjectTests.xctest */ = {isa = PBXFileReference; explicitFileType = wrapper.cfbundle; includeInIndex = 0; path = QuestionSwiftProjectTests.xctest; sourceTree = BUILT_PRODUCTS_DIR; };
		8EE04AE21BE2998A0040D5A5 /* QuestionSwiftProjectTests.swift */ = {isa = PBXFileReference; lastKnownFileType = sourcecode.swift; path = QuestionSwiftProjectTests.swift; sourceTree = "<group>"; };
		8EE04AE41BE2998A0040D5A5 /* Info.plist */ = {isa = PBXFileReference; lastKnownFileType = text.plist.xml; path = Info.plist; sourceTree = "<group>"; };
		8EE04AE91BE2998A0040D5A5 /* QuestionSwiftProjectUITests.xctest */ = {isa = PBXFileReference; explicitFileType = wrapper.cfbundle; includeInIndex = 0; path = QuestionSwiftProjectUITests.xctest; sourceTree = BUILT_PRODUCTS_DIR; };
		8EE04AED1BE2998A0040D5A5 /* QuestionSwiftProjectUITests.swift */ = {isa = PBXFileReference; lastKnownFileType = sourcecode.swift; path = QuestionSwiftProjectUITests.swift; sourceTree = "<group>"; };
		8EE04AEF1BE2998A0040D5A5 /* Info.plist */ = {isa = PBXFileReference; lastKnownFileType = text.plist.xml; path = Info.plist; sourceTree = "<group>"; };
		8EE04AFB1BE29A030040D5A5 /* FeedViewController.swift */ = {isa = PBXFileReference; fileEncoding = 4; lastKnownFileType = sourcecode.swift; path = FeedViewController.swift; sourceTree = "<group>"; };
		8EE04AFD1BE29C3A0040D5A5 /* QuestionTableViewCell.swift */ = {isa = PBXFileReference; fileEncoding = 4; lastKnownFileType = sourcecode.swift; path = QuestionTableViewCell.swift; sourceTree = "<group>"; };
		8EE04AFF1BE2A14F0040D5A5 /* AskQuestionViewController.swift */ = {isa = PBXFileReference; fileEncoding = 4; lastKnownFileType = sourcecode.swift; path = AskQuestionViewController.swift; sourceTree = "<group>"; };
		8EE04B021BE2A6E20040D5A5 /* LogIn.storyboard */ = {isa = PBXFileReference; fileEncoding = 4; lastKnownFileType = file.storyboard; path = LogIn.storyboard; sourceTree = "<group>"; };
		8EE04B041BE2A77D0040D5A5 /* StartViewController.swift */ = {isa = PBXFileReference; fileEncoding = 4; lastKnownFileType = sourcecode.swift; path = StartViewController.swift; sourceTree = "<group>"; };
		8EE04B061BE2A7A30040D5A5 /* LogInViewController.swift */ = {isa = PBXFileReference; fileEncoding = 4; lastKnownFileType = sourcecode.swift; path = LogInViewController.swift; sourceTree = "<group>"; };
		8EE04B081BE2A7AD0040D5A5 /* SignUpViewController.swift */ = {isa = PBXFileReference; fileEncoding = 4; lastKnownFileType = sourcecode.swift; path = SignUpViewController.swift; sourceTree = "<group>"; };
		8EE04B1B1BE862160040D5A5 /* Question.swift */ = {isa = PBXFileReference; fileEncoding = 4; lastKnownFileType = sourcecode.swift; path = Question.swift; sourceTree = "<group>"; };
		8EE04B1D1BE95D7B0040D5A5 /* NotificationViewController.swift */ = {isa = PBXFileReference; fileEncoding = 4; lastKnownFileType = sourcecode.swift; path = NotificationViewController.swift; sourceTree = "<group>"; };
		8EE04B1F1BE95F140040D5A5 /* NotificationAnswerTableViewCell.swift */ = {isa = PBXFileReference; fileEncoding = 4; lastKnownFileType = sourcecode.swift; path = NotificationAnswerTableViewCell.swift; sourceTree = "<group>"; };
		8EE04B231BE973500040D5A5 /* ProfileViewController.swift */ = {isa = PBXFileReference; fileEncoding = 4; lastKnownFileType = sourcecode.swift; path = ProfileViewController.swift; sourceTree = "<group>"; };
		8EE04B251BE974630040D5A5 /* ProfileQuestionTableViewCell.swift */ = {isa = PBXFileReference; fileEncoding = 4; lastKnownFileType = sourcecode.swift; path = ProfileQuestionTableViewCell.swift; sourceTree = "<group>"; };
		8EE04B271BE97D6B0040D5A5 /* Notification.swift */ = {isa = PBXFileReference; fileEncoding = 4; lastKnownFileType = sourcecode.swift; path = Notification.swift; sourceTree = "<group>"; };
		8EE04B291BEAA92F0040D5A5 /* Answer.swift */ = {isa = PBXFileReference; fileEncoding = 4; lastKnownFileType = sourcecode.swift; path = Answer.swift; sourceTree = "<group>"; };
		8EE04B2D1BEABBD10040D5A5 /* ProfileTableViewCell.swift */ = {isa = PBXFileReference; fileEncoding = 4; lastKnownFileType = sourcecode.swift; path = ProfileTableViewCell.swift; sourceTree = "<group>"; };
		E2D906B0E9B12C94101A45D8 /* Pods-QuestionSwiftProject.release.xcconfig */ = {isa = PBXFileReference; includeInIndex = 1; lastKnownFileType = text.xcconfig; name = "Pods-QuestionSwiftProject.release.xcconfig"; path = "Pods/Target Support Files/Pods-QuestionSwiftProject/Pods-QuestionSwiftProject.release.xcconfig"; sourceTree = "<group>"; };
		FC64B4535E956C1D5A2CC75A /* Pods_QuestionSwiftProject.framework */ = {isa = PBXFileReference; explicitFileType = wrapper.framework; includeInIndex = 0; path = Pods_QuestionSwiftProject.framework; sourceTree = BUILT_PRODUCTS_DIR; };
/* End PBXFileReference section */

/* Begin PBXFrameworksBuildPhase section */
		8EE04AC71BE299890040D5A5 /* Frameworks */ = {
			isa = PBXFrameworksBuildPhase;
			buildActionMask = 2147483647;
			files = (
				737F801A87D842976BF544B6 /* Pods_QuestionSwiftProject.framework in Frameworks */,
			);
			runOnlyForDeploymentPostprocessing = 0;
		};
		8EE04ADB1BE2998A0040D5A5 /* Frameworks */ = {
			isa = PBXFrameworksBuildPhase;
			buildActionMask = 2147483647;
			files = (
			);
			runOnlyForDeploymentPostprocessing = 0;
		};
		8EE04AE61BE2998A0040D5A5 /* Frameworks */ = {
			isa = PBXFrameworksBuildPhase;
			buildActionMask = 2147483647;
			files = (
			);
			runOnlyForDeploymentPostprocessing = 0;
		};
/* End PBXFrameworksBuildPhase section */

/* Begin PBXGroup section */
		015D0689121FB377ABB90D88 /* Pods */ = {
			isa = PBXGroup;
			children = (
				78B84539228AC17ECF09216E /* Pods-QuestionSwiftProject.debug.xcconfig */,
				E2D906B0E9B12C94101A45D8 /* Pods-QuestionSwiftProject.release.xcconfig */,
			);
			name = Pods;
			sourceTree = "<group>";
		};
		4279B07CEB9493D168465A95 /* Frameworks */ = {
			isa = PBXGroup;
			children = (
				FC64B4535E956C1D5A2CC75A /* Pods_QuestionSwiftProject.framework */,
			);
			name = Frameworks;
			sourceTree = "<group>";
		};
		8EE04AC11BE299890040D5A5 = {
			isa = PBXGroup;
			children = (
				8EE04ACC1BE299890040D5A5 /* QuestionSwiftProject */,
				8EE04AE11BE2998A0040D5A5 /* QuestionSwiftProjectTests */,
				8EE04AEC1BE2998A0040D5A5 /* QuestionSwiftProjectUITests */,
				8EE04ACB1BE299890040D5A5 /* Products */,
				015D0689121FB377ABB90D88 /* Pods */,
				4279B07CEB9493D168465A95 /* Frameworks */,
			);
			sourceTree = "<group>";
		};
		8EE04ACB1BE299890040D5A5 /* Products */ = {
			isa = PBXGroup;
			children = (
				8EE04ACA1BE299890040D5A5 /* QuestionSwiftProject.app */,
				8EE04ADE1BE2998A0040D5A5 /* QuestionSwiftProjectTests.xctest */,
				8EE04AE91BE2998A0040D5A5 /* QuestionSwiftProjectUITests.xctest */,
			);
			name = Products;
			sourceTree = "<group>";
		};
		8EE04ACC1BE299890040D5A5 /* QuestionSwiftProject */ = {
			isa = PBXGroup;
			children = (
				8EE04B011BE2A6C10040D5A5 /* LogIn */,
				8EE04ACD1BE2998A0040D5A5 /* AppDelegate.swift */,
				8EE04AFB1BE29A030040D5A5 /* FeedViewController.swift */,
				8EE04AFD1BE29C3A0040D5A5 /* QuestionTableViewCell.swift */,
				8EE04AFF1BE2A14F0040D5A5 /* AskQuestionViewController.swift */,
				8E26344B1C0C3D5D002A65D0 /* TakeVideoViewController.swift */,
				8EA960F51C110A3F00371C77 /* AnswersViewController.swift */,
				8EA960F71C11185A00371C77 /* AnswerTableViewCell.swift */,
				8EA960F91C12277900371C77 /* QuestionTitleTableViewCell.swift */,
				8EE04B1D1BE95D7B0040D5A5 /* NotificationViewController.swift */,
				8EE04B1F1BE95F140040D5A5 /* NotificationAnswerTableViewCell.swift */,
				8E9D70E21C164A280073CA17 /* AnsweredQuestionViewController.swift */,
				8E9D70E41C164A920073CA17 /* AnsweredQuestionTableViewCell.swift */,
				8E9D70E61C167A960073CA17 /* MyQuestionTitleTableViewCell.swift */,
				8EE04B231BE973500040D5A5 /* ProfileViewController.swift */,
				8EE04B251BE974630040D5A5 /* ProfileQuestionTableViewCell.swift */,
				8E9D70E81C1776860073CA17 /* ProfileRelayTableViewCell.swift */,
				8EE04B2D1BEABBD10040D5A5 /* ProfileTableViewCell.swift */,
				8E9D70EC1C1A65350073CA17 /* ProfileSegmentedTableViewCell.swift */,
				8E9D70EA1C17A0300073CA17 /* TabBarViewController.swift */,
				8EE04AD11BE2998A0040D5A5 /* Main.storyboard */,
				8EE04B1A1BE861FE0040D5A5 /* Models */,
				8EE04AD41BE2998A0040D5A5 /* Assets.xcassets */,
				8EE04AD61BE2998A0040D5A5 /* LaunchScreen.storyboard */,
				8EE04AD91BE2998A0040D5A5 /* Info.plist */,
			);
			path = QuestionSwiftProject;
			sourceTree = "<group>";
		};
		8EE04AE11BE2998A0040D5A5 /* QuestionSwiftProjectTests */ = {
			isa = PBXGroup;
			children = (
				8EE04AE21BE2998A0040D5A5 /* QuestionSwiftProjectTests.swift */,
				8EE04AE41BE2998A0040D5A5 /* Info.plist */,
			);
			path = QuestionSwiftProjectTests;
			sourceTree = "<group>";
		};
		8EE04AEC1BE2998A0040D5A5 /* QuestionSwiftProjectUITests */ = {
			isa = PBXGroup;
			children = (
				8EE04AED1BE2998A0040D5A5 /* QuestionSwiftProjectUITests.swift */,
				8EE04AEF1BE2998A0040D5A5 /* Info.plist */,
			);
			path = QuestionSwiftProjectUITests;
			sourceTree = "<group>";
		};
		8EE04B011BE2A6C10040D5A5 /* LogIn */ = {
			isa = PBXGroup;
			children = (
				8EE04B021BE2A6E20040D5A5 /* LogIn.storyboard */,
				8EE04B041BE2A77D0040D5A5 /* StartViewController.swift */,
				8EE04B061BE2A7A30040D5A5 /* LogInViewController.swift */,
				8EE04B081BE2A7AD0040D5A5 /* SignUpViewController.swift */,
			);
			name = LogIn;
			sourceTree = "<group>";
		};
		8EE04B1A1BE861FE0040D5A5 /* Models */ = {
			isa = PBXGroup;
			children = (
				8EE04B1B1BE862160040D5A5 /* Question.swift */,
				8EE04B291BEAA92F0040D5A5 /* Answer.swift */,
				8EE04B271BE97D6B0040D5A5 /* Notification.swift */,
			);
			name = Models;
			sourceTree = "<group>";
		};
/* End PBXGroup section */

/* Begin PBXNativeTarget section */
		8EE04AC91BE299890040D5A5 /* QuestionSwiftProject */ = {
			isa = PBXNativeTarget;
			buildConfigurationList = 8EE04AF21BE2998A0040D5A5 /* Build configuration list for PBXNativeTarget "QuestionSwiftProject" */;
			buildPhases = (
				5C83BC8CEF332598A25116DC /* Check Pods Manifest.lock */,
				8EE04AC61BE299890040D5A5 /* Sources */,
				8EE04AC71BE299890040D5A5 /* Frameworks */,
				8EE04AC81BE299890040D5A5 /* Resources */,
				A88F9BA429A5DAFA731FEC85 /* Embed Pods Frameworks */,
				FA7D55E1E264360ED8E65468 /* Copy Pods Resources */,
			);
			buildRules = (
			);
			dependencies = (
			);
			name = QuestionSwiftProject;
			productName = QuestionSwiftProject;
			productReference = 8EE04ACA1BE299890040D5A5 /* QuestionSwiftProject.app */;
			productType = "com.apple.product-type.application";
		};
		8EE04ADD1BE2998A0040D5A5 /* QuestionSwiftProjectTests */ = {
			isa = PBXNativeTarget;
			buildConfigurationList = 8EE04AF51BE2998A0040D5A5 /* Build configuration list for PBXNativeTarget "QuestionSwiftProjectTests" */;
			buildPhases = (
				8EE04ADA1BE2998A0040D5A5 /* Sources */,
				8EE04ADB1BE2998A0040D5A5 /* Frameworks */,
				8EE04ADC1BE2998A0040D5A5 /* Resources */,
			);
			buildRules = (
			);
			dependencies = (
				8EE04AE01BE2998A0040D5A5 /* PBXTargetDependency */,
			);
			name = QuestionSwiftProjectTests;
			productName = QuestionSwiftProjectTests;
			productReference = 8EE04ADE1BE2998A0040D5A5 /* QuestionSwiftProjectTests.xctest */;
			productType = "com.apple.product-type.bundle.unit-test";
		};
		8EE04AE81BE2998A0040D5A5 /* QuestionSwiftProjectUITests */ = {
			isa = PBXNativeTarget;
			buildConfigurationList = 8EE04AF81BE2998A0040D5A5 /* Build configuration list for PBXNativeTarget "QuestionSwiftProjectUITests" */;
			buildPhases = (
				8EE04AE51BE2998A0040D5A5 /* Sources */,
				8EE04AE61BE2998A0040D5A5 /* Frameworks */,
				8EE04AE71BE2998A0040D5A5 /* Resources */,
			);
			buildRules = (
			);
			dependencies = (
				8EE04AEB1BE2998A0040D5A5 /* PBXTargetDependency */,
			);
			name = QuestionSwiftProjectUITests;
			productName = QuestionSwiftProjectUITests;
			productReference = 8EE04AE91BE2998A0040D5A5 /* QuestionSwiftProjectUITests.xctest */;
			productType = "com.apple.product-type.bundle.ui-testing";
		};
/* End PBXNativeTarget section */

/* Begin PBXProject section */
		8EE04AC21BE299890040D5A5 /* Project object */ = {
			isa = PBXProject;
			attributes = {
				LastSwiftUpdateCheck = 0710;
				LastUpgradeCheck = 0710;
				ORGANIZATIONNAME = "Brian Endo";
				TargetAttributes = {
					8EE04AC91BE299890040D5A5 = {
						CreatedOnToolsVersion = 7.1;
						DevelopmentTeam = L38XWG77QV;
					};
					8EE04ADD1BE2998A0040D5A5 = {
						CreatedOnToolsVersion = 7.1;
						TestTargetID = 8EE04AC91BE299890040D5A5;
					};
					8EE04AE81BE2998A0040D5A5 = {
						CreatedOnToolsVersion = 7.1;
						TestTargetID = 8EE04AC91BE299890040D5A5;
					};
				};
			};
			buildConfigurationList = 8EE04AC51BE299890040D5A5 /* Build configuration list for PBXProject "QuestionSwiftProject" */;
			compatibilityVersion = "Xcode 3.2";
			developmentRegion = English;
			hasScannedForEncodings = 0;
			knownRegions = (
				en,
				Base,
			);
			mainGroup = 8EE04AC11BE299890040D5A5;
			productRefGroup = 8EE04ACB1BE299890040D5A5 /* Products */;
			projectDirPath = "";
			projectRoot = "";
			targets = (
				8EE04AC91BE299890040D5A5 /* QuestionSwiftProject */,
				8EE04ADD1BE2998A0040D5A5 /* QuestionSwiftProjectTests */,
				8EE04AE81BE2998A0040D5A5 /* QuestionSwiftProjectUITests */,
			);
		};
/* End PBXProject section */

/* Begin PBXResourcesBuildPhase section */
		8EE04AC81BE299890040D5A5 /* Resources */ = {
			isa = PBXResourcesBuildPhase;
			buildActionMask = 2147483647;
			files = (
				8EE04B031BE2A6E20040D5A5 /* LogIn.storyboard in Resources */,
				8EE04AD81BE2998A0040D5A5 /* LaunchScreen.storyboard in Resources */,
				8EE04AD51BE2998A0040D5A5 /* Assets.xcassets in Resources */,
				8EE04AD31BE2998A0040D5A5 /* Main.storyboard in Resources */,
			);
			runOnlyForDeploymentPostprocessing = 0;
		};
		8EE04ADC1BE2998A0040D5A5 /* Resources */ = {
			isa = PBXResourcesBuildPhase;
			buildActionMask = 2147483647;
			files = (
			);
			runOnlyForDeploymentPostprocessing = 0;
		};
		8EE04AE71BE2998A0040D5A5 /* Resources */ = {
			isa = PBXResourcesBuildPhase;
			buildActionMask = 2147483647;
			files = (
			);
			runOnlyForDeploymentPostprocessing = 0;
		};
/* End PBXResourcesBuildPhase section */

/* Begin PBXShellScriptBuildPhase section */
		5C83BC8CEF332598A25116DC /* Check Pods Manifest.lock */ = {
			isa = PBXShellScriptBuildPhase;
			buildActionMask = 2147483647;
			files = (
			);
			inputPaths = (
			);
			name = "Check Pods Manifest.lock";
			outputPaths = (
			);
			runOnlyForDeploymentPostprocessing = 0;
			shellPath = /bin/sh;
			shellScript = "diff \"${PODS_ROOT}/../Podfile.lock\" \"${PODS_ROOT}/Manifest.lock\" > /dev/null\nif [[ $? != 0 ]] ; then\n    cat << EOM\nerror: The sandbox is not in sync with the Podfile.lock. Run 'pod install' or update your CocoaPods installation.\nEOM\n    exit 1\nfi\n";
			showEnvVarsInLog = 0;
		};
		A88F9BA429A5DAFA731FEC85 /* Embed Pods Frameworks */ = {
			isa = PBXShellScriptBuildPhase;
			buildActionMask = 2147483647;
			files = (
			);
			inputPaths = (
			);
			name = "Embed Pods Frameworks";
			outputPaths = (
			);
			runOnlyForDeploymentPostprocessing = 0;
			shellPath = /bin/sh;
			shellScript = "\"${SRCROOT}/Pods/Target Support Files/Pods-QuestionSwiftProject/Pods-QuestionSwiftProject-frameworks.sh\"\n";
			showEnvVarsInLog = 0;
		};
		FA7D55E1E264360ED8E65468 /* Copy Pods Resources */ = {
			isa = PBXShellScriptBuildPhase;
			buildActionMask = 2147483647;
			files = (
			);
			inputPaths = (
			);
			name = "Copy Pods Resources";
			outputPaths = (
			);
			runOnlyForDeploymentPostprocessing = 0;
			shellPath = /bin/sh;
			shellScript = "\"${SRCROOT}/Pods/Target Support Files/Pods-QuestionSwiftProject/Pods-QuestionSwiftProject-resources.sh\"\n";
			showEnvVarsInLog = 0;
		};
/* End PBXShellScriptBuildPhase section */

/* Begin PBXSourcesBuildPhase section */
		8EE04AC61BE299890040D5A5 /* Sources */ = {
			isa = PBXSourcesBuildPhase;
			buildActionMask = 2147483647;
			files = (
				8EE04B051BE2A77D0040D5A5 /* StartViewController.swift in Sources */,
				8EE04B1C1BE862160040D5A5 /* Question.swift in Sources */,
				8E9D70E51C164A920073CA17 /* AnsweredQuestionTableViewCell.swift in Sources */,
				8EE04B241BE973500040D5A5 /* ProfileViewController.swift in Sources */,
				8EE04B201BE95F140040D5A5 /* NotificationAnswerTableViewCell.swift in Sources */,
				8EE04B091BE2A7AD0040D5A5 /* SignUpViewController.swift in Sources */,
				8EA960F81C11185A00371C77 /* AnswerTableViewCell.swift in Sources */,
				8EE04B281BE97D6B0040D5A5 /* Notification.swift in Sources */,
				8EE04B2A1BEAA92F0040D5A5 /* Answer.swift in Sources */,
				8EA960F61C110A3F00371C77 /* AnswersViewController.swift in Sources */,
				8EE04B001BE2A14F0040D5A5 /* AskQuestionViewController.swift in Sources */,
				8EA960FA1C12277900371C77 /* QuestionTitleTableViewCell.swift in Sources */,
				8E9D70E71C167A960073CA17 /* MyQuestionTitleTableViewCell.swift in Sources */,
				8EE04B071BE2A7A30040D5A5 /* LogInViewController.swift in Sources */,
				8E26344C1C0C3D5D002A65D0 /* TakeVideoViewController.swift in Sources */,
				8EE04B261BE974630040D5A5 /* ProfileQuestionTableViewCell.swift in Sources */,
				8E9D70EB1C17A0300073CA17 /* TabBarViewController.swift in Sources */,
				8E9D70E91C1776860073CA17 /* ProfileRelayTableViewCell.swift in Sources */,
				8EE04B1E1BE95D7B0040D5A5 /* NotificationViewController.swift in Sources */,
				8E9D70ED1C1A65350073CA17 /* ProfileSegmentedTableViewCell.swift in Sources */,
				8EE04AFE1BE29C3A0040D5A5 /* QuestionTableViewCell.swift in Sources */,
				8EE04AFC1BE29A030040D5A5 /* FeedViewController.swift in Sources */,
				8EE04ACE1BE2998A0040D5A5 /* AppDelegate.swift in Sources */,
				8EE04B2E1BEABBD10040D5A5 /* ProfileTableViewCell.swift in Sources */,
				8E9D70E31C164A280073CA17 /* AnsweredQuestionViewController.swift in Sources */,
			);
			runOnlyForDeploymentPostprocessing = 0;
		};
		8EE04ADA1BE2998A0040D5A5 /* Sources */ = {
			isa = PBXSourcesBuildPhase;
			buildActionMask = 2147483647;
			files = (
				8EE04AE31BE2998A0040D5A5 /* QuestionSwiftProjectTests.swift in Sources */,
			);
			runOnlyForDeploymentPostprocessing = 0;
		};
		8EE04AE51BE2998A0040D5A5 /* Sources */ = {
			isa = PBXSourcesBuildPhase;
			buildActionMask = 2147483647;
			files = (
				8EE04AEE1BE2998A0040D5A5 /* QuestionSwiftProjectUITests.swift in Sources */,
			);
			runOnlyForDeploymentPostprocessing = 0;
		};
/* End PBXSourcesBuildPhase section */

/* Begin PBXTargetDependency section */
		8EE04AE01BE2998A0040D5A5 /* PBXTargetDependency */ = {
			isa = PBXTargetDependency;
			target = 8EE04AC91BE299890040D5A5 /* QuestionSwiftProject */;
			targetProxy = 8EE04ADF1BE2998A0040D5A5 /* PBXContainerItemProxy */;
		};
		8EE04AEB1BE2998A0040D5A5 /* PBXTargetDependency */ = {
			isa = PBXTargetDependency;
			target = 8EE04AC91BE299890040D5A5 /* QuestionSwiftProject */;
			targetProxy = 8EE04AEA1BE2998A0040D5A5 /* PBXContainerItemProxy */;
		};
/* End PBXTargetDependency section */

/* Begin PBXVariantGroup section */
		8EE04AD11BE2998A0040D5A5 /* Main.storyboard */ = {
			isa = PBXVariantGroup;
			children = (
				8EE04AD21BE2998A0040D5A5 /* Base */,
			);
			name = Main.storyboard;
			sourceTree = "<group>";
		};
		8EE04AD61BE2998A0040D5A5 /* LaunchScreen.storyboard */ = {
			isa = PBXVariantGroup;
			children = (
				8EE04AD71BE2998A0040D5A5 /* Base */,
			);
			name = LaunchScreen.storyboard;
			sourceTree = "<group>";
		};
/* End PBXVariantGroup section */

/* Begin XCBuildConfiguration section */
		8EE04AF01BE2998A0040D5A5 /* Debug */ = {
			isa = XCBuildConfiguration;
			buildSettings = {
				ALWAYS_SEARCH_USER_PATHS = NO;
				CLANG_CXX_LANGUAGE_STANDARD = "gnu++0x";
				CLANG_CXX_LIBRARY = "libc++";
				CLANG_ENABLE_MODULES = YES;
				CLANG_ENABLE_OBJC_ARC = YES;
				CLANG_WARN_BOOL_CONVERSION = YES;
				CLANG_WARN_CONSTANT_CONVERSION = YES;
				CLANG_WARN_DIRECT_OBJC_ISA_USAGE = YES_ERROR;
				CLANG_WARN_EMPTY_BODY = YES;
				CLANG_WARN_ENUM_CONVERSION = YES;
				CLANG_WARN_INT_CONVERSION = YES;
				CLANG_WARN_OBJC_ROOT_CLASS = YES_ERROR;
				CLANG_WARN_UNREACHABLE_CODE = YES;
				CLANG_WARN__DUPLICATE_METHOD_MATCH = YES;
				"CODE_SIGN_IDENTITY[sdk=iphoneos*]" = "iPhone Developer";
				COPY_PHASE_STRIP = NO;
				DEBUG_INFORMATION_FORMAT = dwarf;
				ENABLE_STRICT_OBJC_MSGSEND = YES;
				ENABLE_TESTABILITY = YES;
				GCC_C_LANGUAGE_STANDARD = gnu99;
				GCC_DYNAMIC_NO_PIC = NO;
				GCC_NO_COMMON_BLOCKS = YES;
				GCC_OPTIMIZATION_LEVEL = 0;
				GCC_PREPROCESSOR_DEFINITIONS = (
					"DEBUG=1",
					"$(inherited)",
				);
				GCC_WARN_64_TO_32_BIT_CONVERSION = YES;
				GCC_WARN_ABOUT_RETURN_TYPE = YES_ERROR;
				GCC_WARN_UNDECLARED_SELECTOR = YES;
				GCC_WARN_UNINITIALIZED_AUTOS = YES_AGGRESSIVE;
				GCC_WARN_UNUSED_FUNCTION = YES;
				GCC_WARN_UNUSED_VARIABLE = YES;
				IPHONEOS_DEPLOYMENT_TARGET = 9.1;
				MTL_ENABLE_DEBUG_INFO = YES;
				ONLY_ACTIVE_ARCH = YES;
				SDKROOT = iphoneos;
				SWIFT_OPTIMIZATION_LEVEL = "-Onone";
				TARGETED_DEVICE_FAMILY = "1,2";
			};
			name = Debug;
		};
		8EE04AF11BE2998A0040D5A5 /* Release */ = {
			isa = XCBuildConfiguration;
			buildSettings = {
				ALWAYS_SEARCH_USER_PATHS = NO;
				CLANG_CXX_LANGUAGE_STANDARD = "gnu++0x";
				CLANG_CXX_LIBRARY = "libc++";
				CLANG_ENABLE_MODULES = YES;
				CLANG_ENABLE_OBJC_ARC = YES;
				CLANG_WARN_BOOL_CONVERSION = YES;
				CLANG_WARN_CONSTANT_CONVERSION = YES;
				CLANG_WARN_DIRECT_OBJC_ISA_USAGE = YES_ERROR;
				CLANG_WARN_EMPTY_BODY = YES;
				CLANG_WARN_ENUM_CONVERSION = YES;
				CLANG_WARN_INT_CONVERSION = YES;
				CLANG_WARN_OBJC_ROOT_CLASS = YES_ERROR;
				CLANG_WARN_UNREACHABLE_CODE = YES;
				CLANG_WARN__DUPLICATE_METHOD_MATCH = YES;
				"CODE_SIGN_IDENTITY[sdk=iphoneos*]" = "iPhone Developer";
				COPY_PHASE_STRIP = NO;
				DEBUG_INFORMATION_FORMAT = "dwarf-with-dsym";
				ENABLE_NS_ASSERTIONS = NO;
				ENABLE_STRICT_OBJC_MSGSEND = YES;
				GCC_C_LANGUAGE_STANDARD = gnu99;
				GCC_NO_COMMON_BLOCKS = YES;
				GCC_WARN_64_TO_32_BIT_CONVERSION = YES;
				GCC_WARN_ABOUT_RETURN_TYPE = YES_ERROR;
				GCC_WARN_UNDECLARED_SELECTOR = YES;
				GCC_WARN_UNINITIALIZED_AUTOS = YES_AGGRESSIVE;
				GCC_WARN_UNUSED_FUNCTION = YES;
				GCC_WARN_UNUSED_VARIABLE = YES;
				IPHONEOS_DEPLOYMENT_TARGET = 9.1;
				MTL_ENABLE_DEBUG_INFO = NO;
				SDKROOT = iphoneos;
				TARGETED_DEVICE_FAMILY = "1,2";
				VALIDATE_PRODUCT = YES;
			};
			name = Release;
		};
		8EE04AF31BE2998A0040D5A5 /* Debug */ = {
			isa = XCBuildConfiguration;
			baseConfigurationReference = 78B84539228AC17ECF09216E /* Pods-QuestionSwiftProject.debug.xcconfig */;
			buildSettings = {
				ASSETCATALOG_COMPILER_APPICON_NAME = AppIcon;
				CODE_SIGN_IDENTITY = "iPhone Developer";
				INFOPLIST_FILE = QuestionSwiftProject/Info.plist;
				IPHONEOS_DEPLOYMENT_TARGET = 8.0;
				LD_RUNPATH_SEARCH_PATHS = "$(inherited) @executable_path/Frameworks";
				PRODUCT_BUNDLE_IDENTIFIER = com.brianendo.QuestionSwiftProject;
				PRODUCT_NAME = "$(TARGET_NAME)";
			};
			name = Debug;
		};
		8EE04AF41BE2998A0040D5A5 /* Release */ = {
			isa = XCBuildConfiguration;
			baseConfigurationReference = E2D906B0E9B12C94101A45D8 /* Pods-QuestionSwiftProject.release.xcconfig */;
			buildSettings = {
				ASSETCATALOG_COMPILER_APPICON_NAME = AppIcon;
				CODE_SIGN_IDENTITY = "iPhone Developer";
				INFOPLIST_FILE = QuestionSwiftProject/Info.plist;
				IPHONEOS_DEPLOYMENT_TARGET = 8.0;
				LD_RUNPATH_SEARCH_PATHS = "$(inherited) @executable_path/Frameworks";
				PRODUCT_BUNDLE_IDENTIFIER = com.brianendo.QuestionSwiftProject;
				PRODUCT_NAME = "$(TARGET_NAME)";
			};
			name = Release;
		};
		8EE04AF61BE2998A0040D5A5 /* Debug */ = {
			isa = XCBuildConfiguration;
			buildSettings = {
				BUNDLE_LOADER = "$(TEST_HOST)";
				INFOPLIST_FILE = QuestionSwiftProjectTests/Info.plist;
				LD_RUNPATH_SEARCH_PATHS = "$(inherited) @executable_path/Frameworks @loader_path/Frameworks";
				PRODUCT_BUNDLE_IDENTIFIER = com.brianendo.QuestionSwiftProjectTests;
				PRODUCT_NAME = "$(TARGET_NAME)";
				TEST_HOST = "$(BUILT_PRODUCTS_DIR)/QuestionSwiftProject.app/QuestionSwiftProject";
			};
			name = Debug;
		};
		8EE04AF71BE2998A0040D5A5 /* Release */ = {
			isa = XCBuildConfiguration;
			buildSettings = {
				BUNDLE_LOADER = "$(TEST_HOST)";
				INFOPLIST_FILE = QuestionSwiftProjectTests/Info.plist;
				LD_RUNPATH_SEARCH_PATHS = "$(inherited) @executable_path/Frameworks @loader_path/Frameworks";
				PRODUCT_BUNDLE_IDENTIFIER = com.brianendo.QuestionSwiftProjectTests;
				PRODUCT_NAME = "$(TARGET_NAME)";
				TEST_HOST = "$(BUILT_PRODUCTS_DIR)/QuestionSwiftProject.app/QuestionSwiftProject";
			};
			name = Release;
		};
		8EE04AF91BE2998A0040D5A5 /* Debug */ = {
			isa = XCBuildConfiguration;
			buildSettings = {
				INFOPLIST_FILE = QuestionSwiftProjectUITests/Info.plist;
				LD_RUNPATH_SEARCH_PATHS = "$(inherited) @executable_path/Frameworks @loader_path/Frameworks";
				PRODUCT_BUNDLE_IDENTIFIER = com.brianendo.QuestionSwiftProjectUITests;
				PRODUCT_NAME = "$(TARGET_NAME)";
				TEST_TARGET_NAME = QuestionSwiftProject;
				USES_XCTRUNNER = YES;
			};
			name = Debug;
		};
		8EE04AFA1BE2998A0040D5A5 /* Release */ = {
			isa = XCBuildConfiguration;
			buildSettings = {
				INFOPLIST_FILE = QuestionSwiftProjectUITests/Info.plist;
				LD_RUNPATH_SEARCH_PATHS = "$(inherited) @executable_path/Frameworks @loader_path/Frameworks";
				PRODUCT_BUNDLE_IDENTIFIER = com.brianendo.QuestionSwiftProjectUITests;
				PRODUCT_NAME = "$(TARGET_NAME)";
				TEST_TARGET_NAME = QuestionSwiftProject;
				USES_XCTRUNNER = YES;
			};
			name = Release;
		};
/* End XCBuildConfiguration section */

/* Begin XCConfigurationList section */
		8EE04AC51BE299890040D5A5 /* Build configuration list for PBXProject "QuestionSwiftProject" */ = {
			isa = XCConfigurationList;
			buildConfigurations = (
				8EE04AF01BE2998A0040D5A5 /* Debug */,
				8EE04AF11BE2998A0040D5A5 /* Release */,
			);
			defaultConfigurationIsVisible = 0;
			defaultConfigurationName = Release;
		};
		8EE04AF21BE2998A0040D5A5 /* Build configuration list for PBXNativeTarget "QuestionSwiftProject" */ = {
			isa = XCConfigurationList;
			buildConfigurations = (
				8EE04AF31BE2998A0040D5A5 /* Debug */,
				8EE04AF41BE2998A0040D5A5 /* Release */,
			);
			defaultConfigurationIsVisible = 0;
			defaultConfigurationName = Release;
		};
		8EE04AF51BE2998A0040D5A5 /* Build configuration list for PBXNativeTarget "QuestionSwiftProjectTests" */ = {
			isa = XCConfigurationList;
			buildConfigurations = (
				8EE04AF61BE2998A0040D5A5 /* Debug */,
				8EE04AF71BE2998A0040D5A5 /* Release */,
			);
			defaultConfigurationIsVisible = 0;
			defaultConfigurationName = Release;
		};
		8EE04AF81BE2998A0040D5A5 /* Build configuration list for PBXNativeTarget "QuestionSwiftProjectUITests" */ = {
			isa = XCConfigurationList;
			buildConfigurations = (
				8EE04AF91BE2998A0040D5A5 /* Debug */,
				8EE04AFA1BE2998A0040D5A5 /* Release */,
			);
			defaultConfigurationIsVisible = 0;
			defaultConfigurationName = Release;
		};
/* End XCConfigurationList section */
	};
	rootObject = 8EE04AC21BE299890040D5A5 /* Project object */;
}
